{
  "version": 4,
  "terraform_version": "1.1.6",
  "serial": 1709,
  "lineage": "cf1c9915-b99a-f7d7-fb8e-c0d998c629fe",
  "outputs": {
    "autoscaling_group_arn": {
      "value": "arn:aws:autoscaling:us-west-2:899922192574:autoScalingGroup:542f2818-7c50-4cf6-9941-39283df8737b:autoScalingGroupName/dev-myasg",
      "type": "string"
    },
    "autoscaling_group_availability_zones": {
      "value": [
        "us-west-2a",
        "us-west-2b",
        "us-west-2c"
      ],
      "type": [
        "set",
        "string"
      ]
    },
    "autoscaling_group_default_cooldown": {
      "value": 300,
      "type": "number"
    },
    "autoscaling_group_desired_capacity": {
      "value": 3,
      "type": "number"
    },
    "autoscaling_group_health_check_grace_period": {
      "value": 300,
      "type": "number"
    },
    "autoscaling_group_health_check_type": {
      "value": "EC2",
      "type": "string"
    },
    "autoscaling_group_id": {
      "value": "dev-myasg",
      "type": "string"
    },
    "autoscaling_group_load_balancers": {
      "value": [],
      "type": [
        "set",
        "string"
      ]
    },
    "autoscaling_group_max_size": {
      "value": 5,
      "type": "number"
    },
    "autoscaling_group_min_size": {
      "value": 3,
      "type": "number"
    },
    "autoscaling_group_name": {
      "value": "dev-myasg",
      "type": "string"
    },
    "autoscaling_group_target_group_arns": {
      "value": [
        "arn:aws:elasticloadbalancing:us-west-2:899922192574:targetgroup/tg-api20220306230315299800000002/d6e39747e65b9451"
      ],
      "type": [
        "set",
        "string"
      ]
    },
    "autoscaling_group_vpc_zone_identifier": {
      "value": [
        "subnet-045b2ecdae9f24a94",
        "subnet-05d3099c2bb6e0be3",
        "subnet-07dd105ca2f923d96"
      ],
      "type": [
        "set",
        "string"
      ]
    },
    "ec2_api-svr_id": {
      "value": "i-0cfdb9ef05063d2b0",
      "type": "string"
    },
    "ec2_rpa_agt_id": {
      "value": "i-0e2d5b41cb38f7a92",
      "type": "string"
    },
    "ec2_rpa_svr_id": {
      "value": "i-00567185407d0e53a",
      "type": "string"
    },
    "general_vpc_azs": {
      "value": [
        "us-west-2a",
        "us-west-2b"
      ],
      "type": [
        "list",
        "string"
      ]
    },
    "general_vpc_cidr_block": {
      "value": "192.168.8.0/21",
      "type": "string"
    },
    "general_vpc_id": {
      "value": "vpc-0a2ed6356b073bc22",
      "type": "string"
    },
    "general_vpc_public_subnets": {
      "value": [
        "subnet-0956881a7a03db7db",
        "subnet-0bd058516ae4dbe7c"
      ],
      "type": [
        "tuple",
        [
          "string",
          "string"
        ]
      ]
    },
    "launch_configuration_arn": {
      "value": "arn:aws:autoscaling:us-west-2:899922192574:launchConfiguration:d4ae0c26-db22-4a87-9043-d5ba3f98427a:launchConfigurationName/dev-mylc1-20220306230039320100000001",
      "type": "string"
    },
    "launch_configuration_id": {
      "value": "dev-mylc1-20220306230039320100000001",
      "type": "string"
    },
    "launch_configuration_name": {
      "value": "dev-mylc1-20220306230039320100000001",
      "type": "string"
    },
    "lb_arn": {
      "value": "arn:aws:elasticloadbalancing:us-west-2:899922192574:loadbalancer/app/dev-api-svr-alb/7f97b2f40d7ee87e",
      "type": "string"
    },
    "lb_id": {
      "value": "arn:aws:elasticloadbalancing:us-west-2:899922192574:loadbalancer/app/dev-api-svr-alb/7f97b2f40d7ee87e",
      "type": "string"
    },
    "secure_vpc_azs": {
      "value": [
        "us-west-2a",
        "us-west-2b",
        "us-west-2c"
      ],
      "type": [
        "list",
        "string"
      ]
    },
    "secure_vpc_cidr_block": {
      "value": "192.168.0.0/21",
      "type": "string"
    },
    "secure_vpc_id": {
      "value": "vpc-04a3d4581c5396352",
      "type": "string"
    },
    "secure_vpc_public_subnets": {
      "value": [
        "subnet-0a41723757ed0ed40",
        "subnet-06812c61f74618f84",
        "subnet-035260eb24ba9a520"
      ],
      "type": [
        "tuple",
        [
          "string",
          "string",
          "string"
        ]
      ]
    },
    "target_group_arns": {
      "value": [
        "arn:aws:elasticloadbalancing:us-west-2:899922192574:targetgroup/tg-api20220306230315299800000002/d6e39747e65b9451"
      ],
      "type": [
        "tuple",
        [
          "string"
        ]
      ]
    },
    "this_rds_cluster_database_name": {
      "value": "tiptondb",
      "type": "string"
    },
    "this_rds_cluster_endpoint": {
      "value": "tiptondb.cluster-cs36oroculbw.us-west-2.rds.amazonaws.com",
      "type": "string"
    },
    "this_rds_cluster_id": {
      "value": "tiptondb",
      "type": "string"
    },
    "this_rds_cluster_master_password": {
      "value": "QR1jSnzncL",
      "type": "string",
      "sensitive": true
    },
    "this_rds_cluster_master_username": {
      "value": "tiptonsysadmin",
      "type": "string",
      "sensitive": true
    },
    "this_rds_cluster_port": {
      "value": 3306,
      "type": "number"
    },
    "this_rds_cluster_reader_endpoint": {
      "value": "tiptondb.cluster-ro-cs36oroculbw.us-west-2.rds.amazonaws.com",
      "type": "string"
    },
    "this_rds_cluster_resource_id": {
      "value": "cluster-QQ7DJFBMAOM5YQQWYZLSNKJOAY",
      "type": "string"
    },
    "this_security_group_id": {
      "value": "",
      "type": "string"
    }
  },
  "resources": [
    {
      "mode": "data",
      "type": "aws_ami",
      "name": "amz_linux2",
      "provider": "provider[\"registry.terraform.io/hashicorp/aws\"]",
      "instances": [
        {
          "schema_version": 0,
          "attributes": {
            "architecture": "x86_64",
            "arn": "arn:aws:ec2:us-west-2::image/ami-00656d51d312f0dee",
            "block_device_mappings": [
              {
                "device_name": "/dev/xvda",
                "ebs": {
                  "delete_on_termination": "true",
                  "encrypted": "false",
                  "iops": "0",
                  "snapshot_id": "snap-0af268a04561b087a",
                  "throughput": "0",
                  "volume_size": "8",
                  "volume_type": "gp2"
                },
                "no_device": "",
                "virtual_name": ""
              }
            ],
            "boot_mode": "",
            "creation_date": "2022-03-02T21:09:53.000Z",
            "description": "Amazon Linux 2 AMI 2.0.20220218.1 x86_64 HVM gp2",
            "ena_support": true,
            "executable_users": null,
            "filter": [
              {
                "name": "architecture",
                "values": [
                  "x86_64"
                ]
              },
              {
                "name": "name",
                "values": [
                  "amzn2-ami-hvm-*-gp2"
                ]
              },
              {
                "name": "root-device-type",
                "values": [
                  "ebs"
                ]
              },
              {
                "name": "virtualization-type",
                "values": [
                  "hvm"
                ]
              }
            ],
            "hypervisor": "xen",
            "id": "ami-00656d51d312f0dee",
            "image_id": "ami-00656d51d312f0dee",
            "image_location": "amazon/amzn2-ami-hvm-2.0.20220218.1-x86_64-gp2",
            "image_owner_alias": "amazon",
            "image_type": "machine",
            "kernel_id": null,
            "most_recent": true,
            "name": "amzn2-ami-hvm-2.0.20220218.1-x86_64-gp2",
            "name_regex": null,
            "owner_id": "137112412989",
            "owners": [
              "amazon"
            ],
            "platform": null,
            "platform_details": "Linux/UNIX",
            "product_codes": [],
            "public": true,
            "ramdisk_id": null,
            "root_device_name": "/dev/xvda",
            "root_device_type": "ebs",
            "root_snapshot_id": "snap-0af268a04561b087a",
            "sriov_net_support": "simple",
            "state": "available",
            "state_reason": {
              "code": "UNSET",
              "message": "UNSET"
            },
            "tags": {},
            "usage_operation": "RunInstances",
            "virtualization_type": "hvm"
          },
          "sensitive_attributes": []
        }
      ]
    },
    {
      "mode": "data",
      "type": "aws_ami",
      "name": "amz_windows",
      "provider": "provider[\"registry.terraform.io/hashicorp/aws\"]",
      "instances": [
        {
          "schema_version": 0,
          "attributes": {
            "architecture": "x86_64",
            "arn": "arn:aws:ec2:us-west-2::image/ami-01977bc15980f9223",
            "block_device_mappings": [
              {
                "device_name": "/dev/sda1",
                "ebs": {
                  "delete_on_termination": "true",
                  "encrypted": "false",
                  "iops": "0",
                  "snapshot_id": "snap-0435a9aa6a7d5ebd6",
                  "throughput": "0",
                  "volume_size": "30",
                  "volume_type": "gp2"
                },
                "no_device": "",
                "virtual_name": ""
              },
              {
                "device_name": "xvdca",
                "ebs": {},
                "no_device": "",
                "virtual_name": "ephemeral0"
              },
              {
                "device_name": "xvdcb",
                "ebs": {},
                "no_device": "",
                "virtual_name": "ephemeral1"
              },
              {
                "device_name": "xvdcc",
                "ebs": {},
                "no_device": "",
                "virtual_name": "ephemeral2"
              },
              {
                "device_name": "xvdcd",
                "ebs": {},
                "no_device": "",
                "virtual_name": "ephemeral3"
              },
              {
                "device_name": "xvdce",
                "ebs": {},
                "no_device": "",
                "virtual_name": "ephemeral4"
              },
              {
                "device_name": "xvdcf",
                "ebs": {},
                "no_device": "",
                "virtual_name": "ephemeral5"
              },
              {
                "device_name": "xvdcg",
                "ebs": {},
                "no_device": "",
                "virtual_name": "ephemeral6"
              },
              {
                "device_name": "xvdch",
                "ebs": {},
                "no_device": "",
                "virtual_name": "ephemeral7"
              },
              {
                "device_name": "xvdci",
                "ebs": {},
                "no_device": "",
                "virtual_name": "ephemeral8"
              },
              {
                "device_name": "xvdcj",
                "ebs": {},
                "no_device": "",
                "virtual_name": "ephemeral9"
              },
              {
                "device_name": "xvdck",
                "ebs": {},
                "no_device": "",
                "virtual_name": "ephemeral10"
              },
              {
                "device_name": "xvdcl",
                "ebs": {},
                "no_device": "",
                "virtual_name": "ephemeral11"
              },
              {
                "device_name": "xvdcm",
                "ebs": {},
                "no_device": "",
                "virtual_name": "ephemeral12"
              },
              {
                "device_name": "xvdcn",
                "ebs": {},
                "no_device": "",
                "virtual_name": "ephemeral13"
              },
              {
                "device_name": "xvdco",
                "ebs": {},
                "no_device": "",
                "virtual_name": "ephemeral14"
              },
              {
                "device_name": "xvdcp",
                "ebs": {},
                "no_device": "",
                "virtual_name": "ephemeral15"
              },
              {
                "device_name": "xvdcq",
                "ebs": {},
                "no_device": "",
                "virtual_name": "ephemeral16"
              },
              {
                "device_name": "xvdcr",
                "ebs": {},
                "no_device": "",
                "virtual_name": "ephemeral17"
              },
              {
                "device_name": "xvdcs",
                "ebs": {},
                "no_device": "",
                "virtual_name": "ephemeral18"
              },
              {
                "device_name": "xvdct",
                "ebs": {},
                "no_device": "",
                "virtual_name": "ephemeral19"
              },
              {
                "device_name": "xvdcu",
                "ebs": {},
                "no_device": "",
                "virtual_name": "ephemeral20"
              },
              {
                "device_name": "xvdcv",
                "ebs": {},
                "no_device": "",
                "virtual_name": "ephemeral21"
              },
              {
                "device_name": "xvdcw",
                "ebs": {},
                "no_device": "",
                "virtual_name": "ephemeral22"
              },
              {
                "device_name": "xvdcx",
                "ebs": {},
                "no_device": "",
                "virtual_name": "ephemeral23"
              },
              {
                "device_name": "xvdcy",
                "ebs": {},
                "no_device": "",
                "virtual_name": "ephemeral24"
              },
              {
                "device_name": "xvdcz",
                "ebs": {},
                "no_device": "",
                "virtual_name": "ephemeral25"
              }
            ],
            "boot_mode": "",
            "creation_date": "2022-02-10T03:01:37.000Z",
            "description": "Microsoft Windows Server 2019 with Desktop Experience Locale English AMI provided by Amazon",
            "ena_support": true,
            "executable_users": null,
            "filter": [
              {
                "name": "name",
                "values": [
                  "Windows_Server-2019-English-Full-Base-*"
                ]
              },
              {
                "name": "root-device-type",
                "values": [
                  "ebs"
                ]
              },
              {
                "name": "virtualization-type",
                "values": [
                  "hvm"
                ]
              }
            ],
            "hypervisor": "xen",
            "id": "ami-01977bc15980f9223",
            "image_id": "ami-01977bc15980f9223",
            "image_location": "amazon/Windows_Server-2019-English-Full-Base-2022.02.10",
            "image_owner_alias": "amazon",
            "image_type": "machine",
            "kernel_id": null,
            "most_recent": true,
            "name": "Windows_Server-2019-English-Full-Base-2022.02.10",
            "name_regex": null,
            "owner_id": "801119661308",
            "owners": [
              "801119661308"
            ],
            "platform": "windows",
            "platform_details": "Windows",
            "product_codes": [],
            "public": true,
            "ramdisk_id": null,
            "root_device_name": "/dev/sda1",
            "root_device_type": "ebs",
            "root_snapshot_id": "snap-0435a9aa6a7d5ebd6",
            "sriov_net_support": "simple",
            "state": "available",
            "state_reason": {
              "code": "UNSET",
              "message": "UNSET"
            },
            "tags": {},
            "usage_operation": "RunInstances:0002",
            "virtualization_type": "hvm"
          },
          "sensitive_attributes": []
        }
      ]
    },
    {
      "mode": "data",
      "type": "aws_ami",
      "name": "ubuntu",
      "provider": "provider[\"registry.terraform.io/hashicorp/aws\"]",
      "instances": [
        {
          "schema_version": 0,
          "attributes": {
            "architecture": "x86_64",
            "arn": "arn:aws:ec2:us-west-2::image/ami-06cdb04696938ec9d",
            "block_device_mappings": [
              {
                "device_name": "/dev/sda1",
                "ebs": {
                  "delete_on_termination": "true",
                  "encrypted": "false",
                  "iops": "0",
                  "snapshot_id": "snap-09c89f7cd2354b2f2",
                  "throughput": "0",
                  "volume_size": "8",
                  "volume_type": "gp2"
                },
                "no_device": "",
                "virtual_name": ""
              },
              {
                "device_name": "/dev/sdb",
                "ebs": {},
                "no_device": "",
                "virtual_name": "ephemeral0"
              },
              {
                "device_name": "/dev/sdc",
                "ebs": {},
                "no_device": "",
                "virtual_name": "ephemeral1"
              }
            ],
            "boot_mode": "",
            "creation_date": "2022-03-05T19:22:47.000Z",
            "description": "[Copied ami-0f49c6ee8f381746f from eu-west-2] ubuntu/images/hvm-ssd/ubuntu-xenial-16.04-amd64-server-20190212",
            "ena_support": true,
            "executable_users": null,
            "filter": [
              {
                "name": "name",
                "values": [
                  "ubuntu/images/hvm-ssd/ubuntu-xenial-16.04*"
                ]
              }
            ],
            "hypervisor": "xen",
            "id": "ami-06cdb04696938ec9d",
            "image_id": "ami-06cdb04696938ec9d",
            "image_location": "899922192574/ubuntu/images/hvm-ssd/ubuntu-xenial-16.04-amd64-server-20190212",
            "image_owner_alias": null,
            "image_type": "machine",
            "kernel_id": null,
            "most_recent": true,
            "name": "ubuntu/images/hvm-ssd/ubuntu-xenial-16.04-amd64-server-20190212",
            "name_regex": null,
            "owner_id": "899922192574",
            "owners": [
              "899922192574"
            ],
            "platform": null,
            "platform_details": "Linux/UNIX",
            "product_codes": [],
            "public": false,
            "ramdisk_id": null,
            "root_device_name": "/dev/sda1",
            "root_device_type": "ebs",
            "root_snapshot_id": "snap-09c89f7cd2354b2f2",
            "sriov_net_support": "simple",
            "state": "available",
            "state_reason": {
              "code": "UNSET",
              "message": "UNSET"
            },
            "tags": {},
            "usage_operation": "RunInstances",
            "virtualization_type": "hvm"
          },
          "sensitive_attributes": []
        }
      ]
    },
    {
      "mode": "data",
      "type": "aws_ami",
      "name": "windows",
      "provider": "provider[\"registry.terraform.io/hashicorp/aws\"]",
      "instances": [
        {
          "schema_version": 0,
          "attributes": {
            "architecture": "x86_64",
            "arn": "arn:aws:ec2:us-west-2::image/ami-0d6bcfa0178e7ee23",
            "block_device_mappings": [
              {
                "device_name": "/dev/sda1",
                "ebs": {
                  "delete_on_termination": "true",
                  "encrypted": "true",
                  "iops": "0",
                  "snapshot_id": "snap-048bacd28778af6c2",
                  "throughput": "0",
                  "volume_size": "30",
                  "volume_type": "gp2"
                },
                "no_device": "",
                "virtual_name": ""
              }
            ],
            "boot_mode": "",
            "creation_date": "2022-03-05T19:08:53.000Z",
            "description": "[Copied ami-0f2141f6583cfba81 from eu-west-2] windows_2016_image",
            "ena_support": true,
            "executable_users": null,
            "filter": [
              {
                "name": "name",
                "values": [
                  "windows_2016_image"
                ]
              }
            ],
            "hypervisor": "xen",
            "id": "ami-0d6bcfa0178e7ee23",
            "image_id": "ami-0d6bcfa0178e7ee23",
            "image_location": "899922192574/windows_2016_image",
            "image_owner_alias": null,
            "image_type": "machine",
            "kernel_id": null,
            "most_recent": true,
            "name": "windows_2016_image",
            "name_regex": null,
            "owner_id": "899922192574",
            "owners": [
              "899922192574"
            ],
            "platform": "windows",
            "platform_details": "Windows",
            "product_codes": [],
            "public": false,
            "ramdisk_id": null,
            "root_device_name": "/dev/sda1",
            "root_device_type": "ebs",
            "root_snapshot_id": "snap-048bacd28778af6c2",
            "sriov_net_support": "simple",
            "state": "available",
            "state_reason": {
              "code": "UNSET",
              "message": "UNSET"
            },
            "tags": {},
            "usage_operation": "RunInstances:0002",
            "virtualization_type": "hvm"
          },
          "sensitive_attributes": []
        }
      ]
    },
    {
      "mode": "managed",
      "type": "aws_db_parameter_group",
      "name": "aurora_mysql_parameter_group",
      "provider": "provider[\"registry.terraform.io/hashicorp/aws\"]",
      "instances": [
        {
          "schema_version": 0,
          "attributes": {
            "arn": "arn:aws:rds:us-west-2:899922192574:pg:aurora-db-mysql-parameter-group",
            "description": "aurora-db-mysql-parameter-group",
            "family": "aurora-mysql5.7",
            "id": "aurora-db-mysql-parameter-group",
            "name": "aurora-db-mysql-parameter-group",
            "name_prefix": null,
            "parameter": [
              {
                "apply_method": "immediate",
                "name": "max_allowed_packet",
                "value": "1073741824"
              }
            ],
            "tags": null,
            "tags_all": {}
          },
          "sensitive_attributes": [],
          "private": "bnVsbA=="
        }
      ]
    },
    {
      "mode": "managed",
      "type": "aws_db_subnet_group",
      "name": "dbsubnet",
      "provider": "provider[\"registry.terraform.io/hashicorp/aws\"]",
      "instances": [
        {
          "schema_version": 0,
          "attributes": {
            "arn": "arn:aws:rds:us-west-2:899922192574:subgrp:dev-dbsubnet",
            "description": "Managed by Terraform",
            "id": "dev-dbsubnet",
            "name": "dev-dbsubnet",
            "name_prefix": null,
            "subnet_ids": [
              "subnet-045b2ecdae9f24a94",
              "subnet-05d3099c2bb6e0be3",
              "subnet-07dd105ca2f923d96"
            ],
            "tags": null,
            "tags_all": {}
          },
          "sensitive_attributes": [],
          "private": "bnVsbA==",
          "dependencies": [
            "module.dev-secure_vpc.aws_subnet.private"
          ]
        }
      ]
    },
    {
      "mode": "managed",
      "type": "aws_rds_cluster_parameter_group",
      "name": "aurora_cluster_mysql_parameter_group",
      "provider": "provider[\"registry.terraform.io/hashicorp/aws\"]",
      "instances": [
        {
          "schema_version": 0,
          "attributes": {
            "arn": "arn:aws:rds:us-west-2:899922192574:cluster-pg:aurora-mysql-cluster-parameter-group",
            "description": "aurora-mysql-cluster-parameter-group",
            "family": "aurora-mysql5.7",
            "id": "aurora-mysql-cluster-parameter-group",
            "name": "aurora-mysql-cluster-parameter-group",
            "name_prefix": null,
            "parameter": [],
            "tags": null,
            "tags_all": {}
          },
          "sensitive_attributes": [],
          "private": "bnVsbA=="
        }
      ]
    },
    {
      "mode": "managed",
      "type": "aws_security_group",
      "name": "TEST-ELB-Web-Secure",
      "provider": "provider[\"registry.terraform.io/hashicorp/aws\"]",
      "instances": [
        {
          "schema_version": 1,
          "attributes": {
            "arn": "arn:aws:ec2:us-west-2:899922192574:security-group/sg-06f600b4dc2582baa",
            "description": "Public facing ELB Security Group",
            "egress": [
              {
                "cidr_blocks": [
                  "0.0.0.0/0"
                ],
                "description": "",
                "from_port": 0,
                "ipv6_cidr_blocks": [],
                "prefix_list_ids": [],
                "protocol": "-1",
                "security_groups": [],
                "self": false,
                "to_port": 0
              }
            ],
            "id": "sg-06f600b4dc2582baa",
            "ingress": [
              {
                "cidr_blocks": [
                  "0.0.0.0/0"
                ],
                "description": "",
                "from_port": 443,
                "ipv6_cidr_blocks": [
                  "::/0"
                ],
                "prefix_list_ids": [],
                "protocol": "tcp",
                "security_groups": [],
                "self": false,
                "to_port": 443
              },
              {
                "cidr_blocks": [
                  "0.0.0.0/0"
                ],
                "description": "",
                "from_port": 80,
                "ipv6_cidr_blocks": [
                  "::/0"
                ],
                "prefix_list_ids": [],
                "protocol": "tcp",
                "security_groups": [],
                "self": false,
                "to_port": 80
              }
            ],
            "name": "dev_ELB-Web-Secure",
            "name_prefix": "",
            "owner_id": "899922192574",
            "revoke_rules_on_delete": false,
            "tags": {},
            "tags_all": {},
            "timeouts": null,
            "vpc_id": "vpc-04a3d4581c5396352"
          },
          "sensitive_attributes": [],
          "private": "eyJlMmJmYjczMC1lY2FhLTExZTYtOGY4OC0zNDM2M2JjN2M0YzAiOnsiY3JlYXRlIjo2MDAwMDAwMDAwMDAsImRlbGV0ZSI6OTAwMDAwMDAwMDAwfSwic2NoZW1hX3ZlcnNpb24iOiIxIn0=",
          "dependencies": [
            "module.dev-secure_vpc.aws_vpc.this"
          ]
        }
      ]
    },
    {
      "mode": "managed",
      "type": "aws_security_group",
      "name": "TEST-General-sg",
      "provider": "provider[\"registry.terraform.io/hashicorp/aws\"]",
      "instances": [
        {
          "schema_version": 1,
          "attributes": {
            "arn": "arn:aws:ec2:us-west-2:899922192574:security-group/sg-005ce0efa767bd7a7",
            "description": "Security Group for Bastion Host in dev env",
            "egress": [
              {
                "cidr_blocks": [
                  "0.0.0.0/0"
                ],
                "description": "",
                "from_port": 0,
                "ipv6_cidr_blocks": [],
                "prefix_list_ids": [],
                "protocol": "-1",
                "security_groups": [],
                "self": false,
                "to_port": 0
              }
            ],
            "id": "sg-005ce0efa767bd7a7",
            "ingress": [
              {
                "cidr_blocks": [
                  "212.36.33.110/32"
                ],
                "description": "RDP Access from Public IP Addresses",
                "from_port": 3389,
                "ipv6_cidr_blocks": [],
                "prefix_list_ids": [],
                "protocol": "tcp",
                "security_groups": [],
                "self": false,
                "to_port": 3389
              },
              {
                "cidr_blocks": [
                  "212.36.33.110/32"
                ],
                "description": "SSh Access from Public IP Addresses",
                "from_port": 22,
                "ipv6_cidr_blocks": [],
                "prefix_list_ids": [],
                "protocol": "tcp",
                "security_groups": [],
                "self": false,
                "to_port": 22
              }
            ],
            "name": "dev_TEST-General-sg",
            "name_prefix": "",
            "owner_id": "899922192574",
            "revoke_rules_on_delete": false,
            "tags": {},
            "tags_all": {},
            "timeouts": null,
            "vpc_id": "vpc-0a2ed6356b073bc22"
          },
          "sensitive_attributes": [],
          "private": "eyJlMmJmYjczMC1lY2FhLTExZTYtOGY4OC0zNDM2M2JjN2M0YzAiOnsiY3JlYXRlIjo2MDAwMDAwMDAwMDAsImRlbGV0ZSI6OTAwMDAwMDAwMDAwfSwic2NoZW1hX3ZlcnNpb24iOiIxIn0=",
          "dependencies": [
            "module.dev-general-vpc.aws_vpc.this"
          ]
        }
      ]
    },
    {
      "mode": "managed",
      "type": "aws_security_group",
      "name": "TEST-Management",
      "provider": "provider[\"registry.terraform.io/hashicorp/aws\"]",
      "instances": [
        {
          "schema_version": 1,
          "attributes": {
            "arn": "arn:aws:ec2:us-west-2:899922192574:security-group/sg-07be2557b2deefeee",
            "description": "SSH Access",
            "egress": [
              {
                "cidr_blocks": [
                  "0.0.0.0/0"
                ],
                "description": "",
                "from_port": 0,
                "ipv6_cidr_blocks": [],
                "prefix_list_ids": [],
                "protocol": "-1",
                "security_groups": [],
                "self": false,
                "to_port": 0
              }
            ],
            "id": "sg-07be2557b2deefeee",
            "ingress": [
              {
                "cidr_blocks": [
                  "192.168.11.23/32"
                ],
                "description": "",
                "from_port": 22,
                "ipv6_cidr_blocks": [],
                "prefix_list_ids": [],
                "protocol": "tcp",
                "security_groups": [],
                "self": false,
                "to_port": 22
              }
            ],
            "name": "dev_Management",
            "name_prefix": "",
            "owner_id": "899922192574",
            "revoke_rules_on_delete": false,
            "tags": {},
            "tags_all": {},
            "timeouts": null,
            "vpc_id": "vpc-04a3d4581c5396352"
          },
          "sensitive_attributes": [],
          "private": "eyJlMmJmYjczMC1lY2FhLTExZTYtOGY4OC0zNDM2M2JjN2M0YzAiOnsiY3JlYXRlIjo2MDAwMDAwMDAwMDAsImRlbGV0ZSI6OTAwMDAwMDAwMDAwfSwic2NoZW1hX3ZlcnNpb24iOiIxIn0=",
          "dependencies": [
            "module.dev-secure_vpc.aws_vpc.this"
          ],
          "create_before_destroy": true
        }
      ]
    },
    {
      "mode": "managed",
      "type": "aws_security_group",
      "name": "TEST-dev-rds-sg",
      "provider": "provider[\"registry.terraform.io/hashicorp/aws\"]",
      "instances": [
        {
          "schema_version": 1,
          "attributes": {
            "arn": "arn:aws:ec2:us-west-2:899922192574:security-group/sg-09cc35dc2ecba31f6",
            "description": "Security Group for the RDS Instance in dev",
            "egress": [
              {
                "cidr_blocks": [
                  "0.0.0.0/0"
                ],
                "description": "",
                "from_port": 0,
                "ipv6_cidr_blocks": [],
                "prefix_list_ids": [],
                "protocol": "-1",
                "security_groups": [],
                "self": false,
                "to_port": 0
              }
            ],
            "id": "sg-09cc35dc2ecba31f6",
            "ingress": [
              {
                "cidr_blocks": [],
                "description": "",
                "from_port": 3306,
                "ipv6_cidr_blocks": [],
                "prefix_list_ids": [],
                "protocol": "tcp",
                "security_groups": [
                  "sg-09f86f126e73c8b7b"
                ],
                "self": false,
                "to_port": 3306
              },
              {
                "cidr_blocks": [],
                "description": "",
                "from_port": 3306,
                "ipv6_cidr_blocks": [],
                "prefix_list_ids": [],
                "protocol": "tcp",
                "security_groups": [
                  "sg-0dcc7f8a245ee8147"
                ],
                "self": false,
                "to_port": 3306
              },
              {
                "cidr_blocks": [],
                "description": "",
                "from_port": 3306,
                "ipv6_cidr_blocks": [],
                "prefix_list_ids": [],
                "protocol": "tcp",
                "security_groups": [
                  "sg-0e65c0ff98e86a6b1"
                ],
                "self": false,
                "to_port": 3306
              }
            ],
            "name": "dev_dev-rds-sg",
            "name_prefix": "",
            "owner_id": "899922192574",
            "revoke_rules_on_delete": false,
            "tags": {},
            "tags_all": {},
            "timeouts": null,
            "vpc_id": "vpc-04a3d4581c5396352"
          },
          "sensitive_attributes": [],
          "private": "eyJlMmJmYjczMC1lY2FhLTExZTYtOGY4OC0zNDM2M2JjN2M0YzAiOnsiY3JlYXRlIjo2MDAwMDAwMDAwMDAsImRlbGV0ZSI6OTAwMDAwMDAwMDAwfSwic2NoZW1hX3ZlcnNpb24iOiIxIn0=",
          "dependencies": [
            "aws_security_group.TEST-General-sg",
            "aws_security_group.TEST-rpaagt1-sg",
            "aws_security_group.TEST-rpasvr-sg",
            "aws_security_group.TEST-secure-api-svr-sg",
            "module.dev-general-vpc.aws_vpc.this",
            "module.dev-secure_vpc.aws_vpc.this"
          ]
        }
      ]
    },
    {
      "mode": "managed",
      "type": "aws_security_group",
      "name": "TEST-rpaagt1-sg",
      "provider": "provider[\"registry.terraform.io/hashicorp/aws\"]",
      "instances": [
        {
          "schema_version": 1,
          "attributes": {
            "arn": "arn:aws:ec2:us-west-2:899922192574:security-group/sg-0dcc7f8a245ee8147",
            "description": "Security Group for RPAAGT1 Server",
            "egress": [
              {
                "cidr_blocks": [
                  "0.0.0.0/0"
                ],
                "description": "",
                "from_port": 0,
                "ipv6_cidr_blocks": [],
                "prefix_list_ids": [],
                "protocol": "-1",
                "security_groups": [],
                "self": false,
                "to_port": 0
              }
            ],
            "id": "sg-0dcc7f8a245ee8147",
            "ingress": [
              {
                "cidr_blocks": [],
                "description": "",
                "from_port": 3389,
                "ipv6_cidr_blocks": [],
                "prefix_list_ids": [],
                "protocol": "tcp",
                "security_groups": [
                  "sg-005ce0efa767bd7a7"
                ],
                "self": false,
                "to_port": 3389
              },
              {
                "cidr_blocks": [],
                "description": "",
                "from_port": 443,
                "ipv6_cidr_blocks": [],
                "prefix_list_ids": [],
                "protocol": "tcp",
                "security_groups": [
                  "sg-0e65c0ff98e86a6b1"
                ],
                "self": false,
                "to_port": 443
              },
              {
                "cidr_blocks": [],
                "description": "",
                "from_port": 8441,
                "ipv6_cidr_blocks": [],
                "prefix_list_ids": [],
                "protocol": "tcp",
                "security_groups": [
                  "sg-0e65c0ff98e86a6b1"
                ],
                "self": false,
                "to_port": 8450
              }
            ],
            "name": "dev_rpaagt1-sg",
            "name_prefix": "",
            "owner_id": "899922192574",
            "revoke_rules_on_delete": false,
            "tags": {},
            "tags_all": {},
            "timeouts": null,
            "vpc_id": "vpc-04a3d4581c5396352"
          },
          "sensitive_attributes": [],
          "private": "eyJlMmJmYjczMC1lY2FhLTExZTYtOGY4OC0zNDM2M2JjN2M0YzAiOnsiY3JlYXRlIjo2MDAwMDAwMDAwMDAsImRlbGV0ZSI6OTAwMDAwMDAwMDAwfSwic2NoZW1hX3ZlcnNpb24iOiIxIn0=",
          "dependencies": [
            "aws_security_group.TEST-General-sg",
            "aws_security_group.TEST-rpasvr-sg",
            "module.dev-general-vpc.aws_vpc.this",
            "module.dev-secure_vpc.aws_vpc.this"
          ]
        }
      ]
    },
    {
      "mode": "managed",
      "type": "aws_security_group",
      "name": "TEST-rpasvr-sg",
      "provider": "provider[\"registry.terraform.io/hashicorp/aws\"]",
      "instances": [
        {
          "schema_version": 1,
          "attributes": {
            "arn": "arn:aws:ec2:us-west-2:899922192574:security-group/sg-0e65c0ff98e86a6b1",
            "description": "Security Group for RPA Server",
            "egress": [
              {
                "cidr_blocks": [
                  "0.0.0.0/0"
                ],
                "description": "",
                "from_port": 0,
                "ipv6_cidr_blocks": [],
                "prefix_list_ids": [],
                "protocol": "-1",
                "security_groups": [],
                "self": false,
                "to_port": 0
              }
            ],
            "id": "sg-0e65c0ff98e86a6b1",
            "ingress": [
              {
                "cidr_blocks": [],
                "description": "",
                "from_port": 22,
                "ipv6_cidr_blocks": [],
                "prefix_list_ids": [],
                "protocol": "tcp",
                "security_groups": [
                  "sg-005ce0efa767bd7a7"
                ],
                "self": false,
                "to_port": 22
              },
              {
                "cidr_blocks": [],
                "description": "",
                "from_port": 443,
                "ipv6_cidr_blocks": [],
                "prefix_list_ids": [],
                "protocol": "tcp",
                "security_groups": [
                  "sg-005ce0efa767bd7a7",
                  "sg-0dcc7f8a245ee8147"
                ],
                "self": false,
                "to_port": 443
              }
            ],
            "name": "dev_rpasvr-sg",
            "name_prefix": "",
            "owner_id": "899922192574",
            "revoke_rules_on_delete": false,
            "tags": {},
            "tags_all": {},
            "timeouts": null,
            "vpc_id": "vpc-04a3d4581c5396352"
          },
          "sensitive_attributes": [],
          "private": "eyJlMmJmYjczMC1lY2FhLTExZTYtOGY4OC0zNDM2M2JjN2M0YzAiOnsiY3JlYXRlIjo2MDAwMDAwMDAwMDAsImRlbGV0ZSI6OTAwMDAwMDAwMDAwfSwic2NoZW1hX3ZlcnNpb24iOiIxIn0=",
          "dependencies": [
            "module.dev-secure_vpc.aws_vpc.this"
          ]
        }
      ]
    },
    {
      "mode": "managed",
      "type": "aws_security_group",
      "name": "TEST-secure-api-svr-sg",
      "provider": "provider[\"registry.terraform.io/hashicorp/aws\"]",
      "instances": [
        {
          "schema_version": 1,
          "attributes": {
            "arn": "arn:aws:ec2:us-west-2:899922192574:security-group/sg-09f86f126e73c8b7b",
            "description": "APISVR Security group to receive traffic from ELB in dev env",
            "egress": [
              {
                "cidr_blocks": [
                  "0.0.0.0/0"
                ],
                "description": "",
                "from_port": 0,
                "ipv6_cidr_blocks": [],
                "prefix_list_ids": [],
                "protocol": "-1",
                "security_groups": [],
                "self": false,
                "to_port": 0
              }
            ],
            "id": "sg-09f86f126e73c8b7b",
            "ingress": [
              {
                "cidr_blocks": [],
                "description": "",
                "from_port": 443,
                "ipv6_cidr_blocks": [],
                "prefix_list_ids": [],
                "protocol": "tcp",
                "security_groups": [
                  "sg-06f600b4dc2582baa",
                  "sg-0e65c0ff98e86a6b1"
                ],
                "self": false,
                "to_port": 443
              },
              {
                "cidr_blocks": [],
                "description": "",
                "from_port": 80,
                "ipv6_cidr_blocks": [],
                "prefix_list_ids": [],
                "protocol": "tcp",
                "security_groups": [
                  "sg-06f600b4dc2582baa"
                ],
                "self": false,
                "to_port": 80
              }
            ],
            "name": "secure-api-svr-sg",
            "name_prefix": "",
            "owner_id": "899922192574",
            "revoke_rules_on_delete": false,
            "tags": {},
            "tags_all": {},
            "timeouts": null,
            "vpc_id": "vpc-04a3d4581c5396352"
          },
          "sensitive_attributes": [],
          "private": "eyJlMmJmYjczMC1lY2FhLTExZTYtOGY4OC0zNDM2M2JjN2M0YzAiOnsiY3JlYXRlIjo2MDAwMDAwMDAwMDAsImRlbGV0ZSI6OTAwMDAwMDAwMDAwfSwic2NoZW1hX3ZlcnNpb24iOiIxIn0=",
          "dependencies": [
            "module.dev-secure_vpc.aws_vpc.this"
          ],
          "create_before_destroy": true
        }
      ]
    },
    {
      "mode": "managed",
      "type": "aws_security_group_rule",
      "name": "TEST-rpasvr-sg",
      "provider": "provider[\"registry.terraform.io/hashicorp/aws\"]",
      "instances": [
        {
          "schema_version": 2,
          "attributes": {
            "cidr_blocks": [],
            "description": "",
            "from_port": 443,
            "id": "sgrule-4107978144",
            "ipv6_cidr_blocks": [],
            "prefix_list_ids": [],
            "protocol": "tcp",
            "security_group_id": "sg-0e65c0ff98e86a6b1",
            "self": false,
            "source_security_group_id": "sg-0dcc7f8a245ee8147",
            "to_port": 443,
            "type": "ingress"
          },
          "sensitive_attributes": [],
          "private": "eyJzY2hlbWFfdmVyc2lvbiI6IjIifQ==",
          "dependencies": [
            "aws_security_group.TEST-General-sg",
            "aws_security_group.TEST-rpaagt1-sg",
            "aws_security_group.TEST-rpasvr-sg",
            "module.dev-general-vpc.aws_vpc.this",
            "module.dev-secure_vpc.aws_vpc.this"
          ]
        }
      ]
    },
    {
      "mode": "managed",
      "type": "aws_security_group_rule",
      "name": "TEST-rpasvr-sg-ssh",
      "provider": "provider[\"registry.terraform.io/hashicorp/aws\"]",
      "instances": [
        {
          "schema_version": 2,
          "attributes": {
            "cidr_blocks": [],
            "description": "",
            "from_port": 22,
            "id": "sgrule-134900450",
            "ipv6_cidr_blocks": [],
            "prefix_list_ids": [],
            "protocol": "tcp",
            "security_group_id": "sg-0e65c0ff98e86a6b1",
            "self": false,
            "source_security_group_id": "sg-005ce0efa767bd7a7",
            "to_port": 22,
            "type": "ingress"
          },
          "sensitive_attributes": [],
          "private": "eyJzY2hlbWFfdmVyc2lvbiI6IjIifQ==",
          "dependencies": [
            "aws_security_group.TEST-General-sg",
            "aws_security_group.TEST-rpasvr-sg",
            "module.dev-general-vpc.aws_vpc.this",
            "module.dev-secure_vpc.aws_vpc.this"
          ]
        }
      ]
    },
    {
      "mode": "managed",
      "type": "aws_security_group_rule",
      "name": "TEST-rpasvr-sg-ssl",
      "provider": "provider[\"registry.terraform.io/hashicorp/aws\"]",
      "instances": [
        {
          "schema_version": 2,
          "attributes": {
            "cidr_blocks": [],
            "description": "",
            "from_port": 443,
            "id": "sgrule-2886347325",
            "ipv6_cidr_blocks": [],
            "prefix_list_ids": [],
            "protocol": "tcp",
            "security_group_id": "sg-0e65c0ff98e86a6b1",
            "self": false,
            "source_security_group_id": "sg-005ce0efa767bd7a7",
            "to_port": 443,
            "type": "ingress"
          },
          "sensitive_attributes": [],
          "private": "eyJzY2hlbWFfdmVyc2lvbiI6IjIifQ==",
          "dependencies": [
            "aws_security_group.TEST-General-sg",
            "aws_security_group.TEST-rpasvr-sg",
            "module.dev-general-vpc.aws_vpc.this",
            "module.dev-secure_vpc.aws_vpc.this"
          ]
        }
      ]
    },
    {
      "mode": "managed",
      "type": "aws_security_group_rule",
      "name": "TEST-secure-api-svr-elb-elb1-sg",
      "provider": "provider[\"registry.terraform.io/hashicorp/aws\"]",
      "instances": [
        {
          "schema_version": 2,
          "attributes": {
            "cidr_blocks": [],
            "description": "",
            "from_port": 80,
            "id": "sgrule-225747031",
            "ipv6_cidr_blocks": [],
            "prefix_list_ids": [],
            "protocol": "tcp",
            "security_group_id": "sg-09f86f126e73c8b7b",
            "self": false,
            "source_security_group_id": "sg-06f600b4dc2582baa",
            "to_port": 80,
            "type": "ingress"
          },
          "sensitive_attributes": [],
          "private": "eyJzY2hlbWFfdmVyc2lvbiI6IjIifQ==",
          "dependencies": [
            "aws_security_group.TEST-ELB-Web-Secure",
            "aws_security_group.TEST-secure-api-svr-sg",
            "module.dev-secure_vpc.aws_vpc.this"
          ]
        }
      ]
    },
    {
      "mode": "managed",
      "type": "aws_security_group_rule",
      "name": "TEST-secure-api-svr-elb-sg",
      "provider": "provider[\"registry.terraform.io/hashicorp/aws\"]",
      "instances": [
        {
          "schema_version": 2,
          "attributes": {
            "cidr_blocks": [],
            "description": "",
            "from_port": 443,
            "id": "sgrule-4054439845",
            "ipv6_cidr_blocks": [],
            "prefix_list_ids": [],
            "protocol": "tcp",
            "security_group_id": "sg-09f86f126e73c8b7b",
            "self": false,
            "source_security_group_id": "sg-06f600b4dc2582baa",
            "to_port": 443,
            "type": "ingress"
          },
          "sensitive_attributes": [],
          "private": "eyJzY2hlbWFfdmVyc2lvbiI6IjIifQ==",
          "dependencies": [
            "aws_security_group.TEST-ELB-Web-Secure",
            "aws_security_group.TEST-secure-api-svr-sg",
            "module.dev-secure_vpc.aws_vpc.this"
          ]
        }
      ]
    },
    {
      "mode": "managed",
      "type": "aws_security_group_rule",
      "name": "TEST-secure-api-svr-sg",
      "provider": "provider[\"registry.terraform.io/hashicorp/aws\"]",
      "instances": [
        {
          "schema_version": 2,
          "attributes": {
            "cidr_blocks": [],
            "description": "",
            "from_port": 443,
            "id": "sgrule-1972663081",
            "ipv6_cidr_blocks": [],
            "prefix_list_ids": [],
            "protocol": "tcp",
            "security_group_id": "sg-09f86f126e73c8b7b",
            "self": false,
            "source_security_group_id": "sg-0e65c0ff98e86a6b1",
            "to_port": 443,
            "type": "ingress"
          },
          "sensitive_attributes": [],
          "private": "eyJzY2hlbWFfdmVyc2lvbiI6IjIifQ==",
          "dependencies": [
            "aws_security_group.TEST-rpasvr-sg",
            "aws_security_group.TEST-secure-api-svr-sg",
            "module.dev-secure_vpc.aws_vpc.this"
          ]
        }
      ]
    },
    {
      "mode": "managed",
      "type": "aws_vpc_peering_connection",
      "name": "vpc_peer_connection",
      "provider": "provider[\"registry.terraform.io/hashicorp/aws\"]",
      "instances": [
        {
          "schema_version": 0,
          "attributes": {
            "accept_status": "active",
            "accepter": [
              {
                "allow_classic_link_to_remote_vpc": false,
                "allow_remote_vpc_dns_resolution": false,
                "allow_vpc_to_remote_classic_link": false
              }
            ],
            "auto_accept": true,
            "id": "pcx-0f725a9bded0e9a0b",
            "peer_owner_id": "899922192574",
            "peer_region": "us-west-2",
            "peer_vpc_id": "vpc-0a2ed6356b073bc22",
            "requester": [
              {
                "allow_classic_link_to_remote_vpc": false,
                "allow_remote_vpc_dns_resolution": false,
                "allow_vpc_to_remote_classic_link": false
              }
            ],
            "tags": {
              "Name": "dev secure vpc to general vpc peering connection"
            },
            "tags_all": {
              "Name": "dev secure vpc to general vpc peering connection"
            },
            "timeouts": null,
            "vpc_id": "vpc-04a3d4581c5396352"
          },
          "sensitive_attributes": [],
          "private": "eyJlMmJmYjczMC1lY2FhLTExZTYtOGY4OC0zNDM2M2JjN2M0YzAiOnsiY3JlYXRlIjo2MDAwMDAwMDAwMCwiZGVsZXRlIjo2MDAwMDAwMDAwMCwidXBkYXRlIjo2MDAwMDAwMDAwMH19",
          "dependencies": [
            "module.dev-general-vpc.aws_vpc.this",
            "module.dev-secure_vpc.aws_vpc.this"
          ]
        }
      ]
    },
    {
      "module": "module.alb",
      "mode": "managed",
      "type": "aws_lb",
      "name": "this",
      "provider": "provider[\"registry.terraform.io/hashicorp/aws\"]",
      "instances": [
        {
          "index_key": 0,
          "schema_version": 0,
          "attributes": {
            "access_logs": [
              {
                "bucket": "",
                "enabled": false,
                "prefix": ""
              }
            ],
            "arn": "arn:aws:elasticloadbalancing:us-west-2:899922192574:loadbalancer/app/dev-api-svr-alb/7f97b2f40d7ee87e",
            "arn_suffix": "app/dev-api-svr-alb/7f97b2f40d7ee87e",
            "customer_owned_ipv4_pool": "",
            "desync_mitigation_mode": "defensive",
            "dns_name": "dev-api-svr-alb-861222672.us-west-2.elb.amazonaws.com",
            "drop_invalid_header_fields": false,
            "enable_cross_zone_load_balancing": null,
            "enable_deletion_protection": false,
            "enable_http2": true,
            "enable_waf_fail_open": false,
            "id": "arn:aws:elasticloadbalancing:us-west-2:899922192574:loadbalancer/app/dev-api-svr-alb/7f97b2f40d7ee87e",
            "idle_timeout": 60,
            "internal": false,
            "ip_address_type": "ipv4",
            "load_balancer_type": "application",
            "name": "dev-api-svr-alb",
            "name_prefix": null,
            "security_groups": [
              "sg-06f600b4dc2582baa"
            ],
            "subnet_mapping": [
              {
                "allocation_id": "",
                "ipv6_address": "",
                "outpost_id": "",
                "private_ipv4_address": "",
                "subnet_id": "subnet-035260eb24ba9a520"
              },
              {
                "allocation_id": "",
                "ipv6_address": "",
                "outpost_id": "",
                "private_ipv4_address": "",
                "subnet_id": "subnet-06812c61f74618f84"
              },
              {
                "allocation_id": "",
                "ipv6_address": "",
                "outpost_id": "",
                "private_ipv4_address": "",
                "subnet_id": "subnet-0a41723757ed0ed40"
              }
            ],
            "subnets": [
              "subnet-035260eb24ba9a520",
              "subnet-06812c61f74618f84",
              "subnet-0a41723757ed0ed40"
            ],
            "tags": {
              "Name": "dev-api-svr-alb"
            },
            "tags_all": {
              "Name": "dev-api-svr-alb"
            },
            "timeouts": {
              "create": "10m",
              "delete": "10m",
              "update": "10m"
            },
            "vpc_id": "vpc-04a3d4581c5396352",
            "zone_id": "Z1H1FL5HABSF5"
          },
          "sensitive_attributes": [],
          "private": "eyJlMmJmYjczMC1lY2FhLTExZTYtOGY4OC0zNDM2M2JjN2M0YzAiOnsiY3JlYXRlIjo2MDAwMDAwMDAwMDAsImRlbGV0ZSI6NjAwMDAwMDAwMDAwLCJ1cGRhdGUiOjYwMDAwMDAwMDAwMH19",
          "dependencies": [
            "aws_security_group.TEST-ELB-Web-Secure",
            "aws_security_group.TEST-Management",
            "aws_security_group.TEST-secure-api-svr-sg",
            "data.aws_ami.amz_linux2",
            "module.dev-secure_vpc.aws_cloudwatch_log_group.flow_log",
            "module.dev-secure_vpc.aws_customer_gateway.this",
            "module.dev-secure_vpc.aws_db_subnet_group.database",
            "module.dev-secure_vpc.aws_default_network_acl.this",
            "module.dev-secure_vpc.aws_default_route_table.default",
            "module.dev-secure_vpc.aws_default_security_group.this",
            "module.dev-secure_vpc.aws_default_vpc.this",
            "module.dev-secure_vpc.aws_egress_only_internet_gateway.this",
            "module.dev-secure_vpc.aws_eip.nat",
            "module.dev-secure_vpc.aws_elasticache_subnet_group.elasticache",
            "module.dev-secure_vpc.aws_flow_log.this",
            "module.dev-secure_vpc.aws_iam_policy.vpc_flow_log_cloudwatch",
            "module.dev-secure_vpc.aws_iam_role.vpc_flow_log_cloudwatch",
            "module.dev-secure_vpc.aws_iam_role_policy_attachment.vpc_flow_log_cloudwatch",
            "module.dev-secure_vpc.aws_internet_gateway.this",
            "module.dev-secure_vpc.aws_nat_gateway.this",
            "module.dev-secure_vpc.aws_network_acl.database",
            "module.dev-secure_vpc.aws_network_acl.elasticache",
            "module.dev-secure_vpc.aws_network_acl.intra",
            "module.dev-secure_vpc.aws_network_acl.outpost",
            "module.dev-secure_vpc.aws_network_acl.private",
            "module.dev-secure_vpc.aws_network_acl.public",
            "module.dev-secure_vpc.aws_network_acl.redshift",
            "module.dev-secure_vpc.aws_network_acl_rule.database_inbound",
            "module.dev-secure_vpc.aws_network_acl_rule.database_outbound",
            "module.dev-secure_vpc.aws_network_acl_rule.elasticache_inbound",
            "module.dev-secure_vpc.aws_network_acl_rule.elasticache_outbound",
            "module.dev-secure_vpc.aws_network_acl_rule.intra_inbound",
            "module.dev-secure_vpc.aws_network_acl_rule.intra_outbound",
            "module.dev-secure_vpc.aws_network_acl_rule.outpost_inbound",
            "module.dev-secure_vpc.aws_network_acl_rule.outpost_outbound",
            "module.dev-secure_vpc.aws_network_acl_rule.private_inbound",
            "module.dev-secure_vpc.aws_network_acl_rule.private_outbound",
            "module.dev-secure_vpc.aws_network_acl_rule.public_inbound",
            "module.dev-secure_vpc.aws_network_acl_rule.public_outbound",
            "module.dev-secure_vpc.aws_network_acl_rule.redshift_inbound",
            "module.dev-secure_vpc.aws_network_acl_rule.redshift_outbound",
            "module.dev-secure_vpc.aws_redshift_subnet_group.redshift",
            "module.dev-secure_vpc.aws_route.database_internet_gateway",
            "module.dev-secure_vpc.aws_route.database_ipv6_egress",
            "module.dev-secure_vpc.aws_route.database_nat_gateway",
            "module.dev-secure_vpc.aws_route.private_ipv6_egress",
            "module.dev-secure_vpc.aws_route.private_nat_gateway",
            "module.dev-secure_vpc.aws_route.public_internet_gateway",
            "module.dev-secure_vpc.aws_route.public_internet_gateway_ipv6",
            "module.dev-secure_vpc.aws_route_table.database",
            "module.dev-secure_vpc.aws_route_table.elasticache",
            "module.dev-secure_vpc.aws_route_table.intra",
            "module.dev-secure_vpc.aws_route_table.private",
            "module.dev-secure_vpc.aws_route_table.public",
            "module.dev-secure_vpc.aws_route_table.redshift",
            "module.dev-secure_vpc.aws_route_table_association.database",
            "module.dev-secure_vpc.aws_route_table_association.elasticache",
            "module.dev-secure_vpc.aws_route_table_association.intra",
            "module.dev-secure_vpc.aws_route_table_association.outpost",
            "module.dev-secure_vpc.aws_route_table_association.private",
            "module.dev-secure_vpc.aws_route_table_association.public",
            "module.dev-secure_vpc.aws_route_table_association.redshift",
            "module.dev-secure_vpc.aws_route_table_association.redshift_public",
            "module.dev-secure_vpc.aws_subnet.database",
            "module.dev-secure_vpc.aws_subnet.elasticache",
            "module.dev-secure_vpc.aws_subnet.intra",
            "module.dev-secure_vpc.aws_subnet.outpost",
            "module.dev-secure_vpc.aws_subnet.private",
            "module.dev-secure_vpc.aws_subnet.public",
            "module.dev-secure_vpc.aws_subnet.redshift",
            "module.dev-secure_vpc.aws_vpc.this",
            "module.dev-secure_vpc.aws_vpc_dhcp_options.this",
            "module.dev-secure_vpc.aws_vpc_dhcp_options_association.this",
            "module.dev-secure_vpc.aws_vpc_ipv4_cidr_block_association.this",
            "module.dev-secure_vpc.aws_vpn_gateway.this",
            "module.dev-secure_vpc.aws_vpn_gateway_attachment.this",
            "module.dev-secure_vpc.aws_vpn_gateway_route_propagation.intra",
            "module.dev-secure_vpc.aws_vpn_gateway_route_propagation.private",
            "module.dev-secure_vpc.aws_vpn_gateway_route_propagation.public",
            "module.dev-secure_vpc.data.aws_iam_policy_document.flow_log_cloudwatch_assume_role",
            "module.dev-secure_vpc.data.aws_iam_policy_document.vpc_flow_log_cloudwatch",
            "module.ec2_instance_api-svr.aws_instance.this",
            "module.ec2_instance_api-svr.aws_spot_instance_request.this"
          ]
        }
      ]
    },
    {
      "module": "module.alb",
      "mode": "managed",
      "type": "aws_lb_listener",
      "name": "frontend_http_tcp",
      "provider": "provider[\"registry.terraform.io/hashicorp/aws\"]",
      "instances": [
        {
          "index_key": 0,
          "schema_version": 0,
          "attributes": {
            "alpn_policy": null,
            "arn": "arn:aws:elasticloadbalancing:us-west-2:899922192574:listener/app/dev-api-svr-alb/7f97b2f40d7ee87e/4b7dda2175b15fb5",
            "certificate_arn": null,
            "default_action": [
              {
                "authenticate_cognito": [],
                "authenticate_oidc": [],
                "fixed_response": [],
                "forward": [],
                "order": 1,
                "redirect": [],
                "target_group_arn": "arn:aws:elasticloadbalancing:us-west-2:899922192574:targetgroup/tg-api20220306230315299800000002/d6e39747e65b9451",
                "type": "forward"
              }
            ],
            "id": "arn:aws:elasticloadbalancing:us-west-2:899922192574:listener/app/dev-api-svr-alb/7f97b2f40d7ee87e/4b7dda2175b15fb5",
            "load_balancer_arn": "arn:aws:elasticloadbalancing:us-west-2:899922192574:loadbalancer/app/dev-api-svr-alb/7f97b2f40d7ee87e",
            "port": 80,
            "protocol": "HTTP",
            "ssl_policy": "",
            "tags": {},
            "tags_all": {},
            "timeouts": null
          },
          "sensitive_attributes": [],
          "private": "eyJlMmJmYjczMC1lY2FhLTExZTYtOGY4OC0zNDM2M2JjN2M0YzAiOnsicmVhZCI6NjAwMDAwMDAwMDAwfX0=",
          "dependencies": [
            "aws_security_group.TEST-ELB-Web-Secure",
            "aws_security_group.TEST-Management",
            "aws_security_group.TEST-secure-api-svr-sg",
            "data.aws_ami.amz_linux2",
            "module.alb.aws_lb.this",
            "module.alb.aws_lb_target_group.main",
            "module.dev-secure_vpc.aws_cloudwatch_log_group.flow_log",
            "module.dev-secure_vpc.aws_customer_gateway.this",
            "module.dev-secure_vpc.aws_db_subnet_group.database",
            "module.dev-secure_vpc.aws_default_network_acl.this",
            "module.dev-secure_vpc.aws_default_route_table.default",
            "module.dev-secure_vpc.aws_default_security_group.this",
            "module.dev-secure_vpc.aws_default_vpc.this",
            "module.dev-secure_vpc.aws_egress_only_internet_gateway.this",
            "module.dev-secure_vpc.aws_eip.nat",
            "module.dev-secure_vpc.aws_elasticache_subnet_group.elasticache",
            "module.dev-secure_vpc.aws_flow_log.this",
            "module.dev-secure_vpc.aws_iam_policy.vpc_flow_log_cloudwatch",
            "module.dev-secure_vpc.aws_iam_role.vpc_flow_log_cloudwatch",
            "module.dev-secure_vpc.aws_iam_role_policy_attachment.vpc_flow_log_cloudwatch",
            "module.dev-secure_vpc.aws_internet_gateway.this",
            "module.dev-secure_vpc.aws_nat_gateway.this",
            "module.dev-secure_vpc.aws_network_acl.database",
            "module.dev-secure_vpc.aws_network_acl.elasticache",
            "module.dev-secure_vpc.aws_network_acl.intra",
            "module.dev-secure_vpc.aws_network_acl.outpost",
            "module.dev-secure_vpc.aws_network_acl.private",
            "module.dev-secure_vpc.aws_network_acl.public",
            "module.dev-secure_vpc.aws_network_acl.redshift",
            "module.dev-secure_vpc.aws_network_acl_rule.database_inbound",
            "module.dev-secure_vpc.aws_network_acl_rule.database_outbound",
            "module.dev-secure_vpc.aws_network_acl_rule.elasticache_inbound",
            "module.dev-secure_vpc.aws_network_acl_rule.elasticache_outbound",
            "module.dev-secure_vpc.aws_network_acl_rule.intra_inbound",
            "module.dev-secure_vpc.aws_network_acl_rule.intra_outbound",
            "module.dev-secure_vpc.aws_network_acl_rule.outpost_inbound",
            "module.dev-secure_vpc.aws_network_acl_rule.outpost_outbound",
            "module.dev-secure_vpc.aws_network_acl_rule.private_inbound",
            "module.dev-secure_vpc.aws_network_acl_rule.private_outbound",
            "module.dev-secure_vpc.aws_network_acl_rule.public_inbound",
            "module.dev-secure_vpc.aws_network_acl_rule.public_outbound",
            "module.dev-secure_vpc.aws_network_acl_rule.redshift_inbound",
            "module.dev-secure_vpc.aws_network_acl_rule.redshift_outbound",
            "module.dev-secure_vpc.aws_redshift_subnet_group.redshift",
            "module.dev-secure_vpc.aws_route.database_internet_gateway",
            "module.dev-secure_vpc.aws_route.database_ipv6_egress",
            "module.dev-secure_vpc.aws_route.database_nat_gateway",
            "module.dev-secure_vpc.aws_route.private_ipv6_egress",
            "module.dev-secure_vpc.aws_route.private_nat_gateway",
            "module.dev-secure_vpc.aws_route.public_internet_gateway",
            "module.dev-secure_vpc.aws_route.public_internet_gateway_ipv6",
            "module.dev-secure_vpc.aws_route_table.database",
            "module.dev-secure_vpc.aws_route_table.elasticache",
            "module.dev-secure_vpc.aws_route_table.intra",
            "module.dev-secure_vpc.aws_route_table.private",
            "module.dev-secure_vpc.aws_route_table.public",
            "module.dev-secure_vpc.aws_route_table.redshift",
            "module.dev-secure_vpc.aws_route_table_association.database",
            "module.dev-secure_vpc.aws_route_table_association.elasticache",
            "module.dev-secure_vpc.aws_route_table_association.intra",
            "module.dev-secure_vpc.aws_route_table_association.outpost",
            "module.dev-secure_vpc.aws_route_table_association.private",
            "module.dev-secure_vpc.aws_route_table_association.public",
            "module.dev-secure_vpc.aws_route_table_association.redshift",
            "module.dev-secure_vpc.aws_route_table_association.redshift_public",
            "module.dev-secure_vpc.aws_subnet.database",
            "module.dev-secure_vpc.aws_subnet.elasticache",
            "module.dev-secure_vpc.aws_subnet.intra",
            "module.dev-secure_vpc.aws_subnet.outpost",
            "module.dev-secure_vpc.aws_subnet.private",
            "module.dev-secure_vpc.aws_subnet.public",
            "module.dev-secure_vpc.aws_subnet.redshift",
            "module.dev-secure_vpc.aws_vpc.this",
            "module.dev-secure_vpc.aws_vpc_dhcp_options.this",
            "module.dev-secure_vpc.aws_vpc_dhcp_options_association.this",
            "module.dev-secure_vpc.aws_vpc_ipv4_cidr_block_association.this",
            "module.dev-secure_vpc.aws_vpn_gateway.this",
            "module.dev-secure_vpc.aws_vpn_gateway_attachment.this",
            "module.dev-secure_vpc.aws_vpn_gateway_route_propagation.intra",
            "module.dev-secure_vpc.aws_vpn_gateway_route_propagation.private",
            "module.dev-secure_vpc.aws_vpn_gateway_route_propagation.public",
            "module.dev-secure_vpc.data.aws_iam_policy_document.flow_log_cloudwatch_assume_role",
            "module.dev-secure_vpc.data.aws_iam_policy_document.vpc_flow_log_cloudwatch",
            "module.ec2_instance_api-svr.aws_instance.this",
            "module.ec2_instance_api-svr.aws_spot_instance_request.this"
          ]
        }
      ]
    },
    {
      "module": "module.alb",
      "mode": "managed",
      "type": "aws_lb_target_group",
      "name": "main",
      "provider": "provider[\"registry.terraform.io/hashicorp/aws\"]",
      "instances": [
        {
          "index_key": 0,
          "schema_version": 0,
          "attributes": {
            "arn": "arn:aws:elasticloadbalancing:us-west-2:899922192574:targetgroup/tg-api20220306230315299800000002/d6e39747e65b9451",
            "arn_suffix": "targetgroup/tg-api20220306230315299800000002/d6e39747e65b9451",
            "connection_termination": false,
            "deregistration_delay": "10",
            "health_check": [
              {
                "enabled": true,
                "healthy_threshold": 3,
                "interval": 30,
                "matcher": "200",
                "path": "/",
                "port": "traffic-port",
                "protocol": "HTTP",
                "timeout": 6,
                "unhealthy_threshold": 3
              }
            ],
            "id": "arn:aws:elasticloadbalancing:us-west-2:899922192574:targetgroup/tg-api20220306230315299800000002/d6e39747e65b9451",
            "lambda_multi_value_headers_enabled": false,
            "load_balancing_algorithm_type": "round_robin",
            "name": "tg-api20220306230315299800000002",
            "name_prefix": "tg-api",
            "port": 80,
            "preserve_client_ip": null,
            "protocol": "HTTP",
            "protocol_version": "HTTP1",
            "proxy_protocol_v2": false,
            "slow_start": 0,
            "stickiness": [
              {
                "cookie_duration": 86400,
                "cookie_name": "",
                "enabled": false,
                "type": "lb_cookie"
              }
            ],
            "tags": {
              "Name": "tg-api"
            },
            "tags_all": {
              "Name": "tg-api"
            },
            "target_type": "instance",
            "vpc_id": "vpc-04a3d4581c5396352"
          },
          "sensitive_attributes": [],
          "private": "bnVsbA==",
          "dependencies": [
            "aws_security_group.TEST-Management",
            "aws_security_group.TEST-secure-api-svr-sg",
            "data.aws_ami.amz_linux2",
            "module.dev-secure_vpc.aws_cloudwatch_log_group.flow_log",
            "module.dev-secure_vpc.aws_customer_gateway.this",
            "module.dev-secure_vpc.aws_db_subnet_group.database",
            "module.dev-secure_vpc.aws_default_network_acl.this",
            "module.dev-secure_vpc.aws_default_route_table.default",
            "module.dev-secure_vpc.aws_default_security_group.this",
            "module.dev-secure_vpc.aws_default_vpc.this",
            "module.dev-secure_vpc.aws_egress_only_internet_gateway.this",
            "module.dev-secure_vpc.aws_eip.nat",
            "module.dev-secure_vpc.aws_elasticache_subnet_group.elasticache",
            "module.dev-secure_vpc.aws_flow_log.this",
            "module.dev-secure_vpc.aws_iam_policy.vpc_flow_log_cloudwatch",
            "module.dev-secure_vpc.aws_iam_role.vpc_flow_log_cloudwatch",
            "module.dev-secure_vpc.aws_iam_role_policy_attachment.vpc_flow_log_cloudwatch",
            "module.dev-secure_vpc.aws_internet_gateway.this",
            "module.dev-secure_vpc.aws_nat_gateway.this",
            "module.dev-secure_vpc.aws_network_acl.database",
            "module.dev-secure_vpc.aws_network_acl.elasticache",
            "module.dev-secure_vpc.aws_network_acl.intra",
            "module.dev-secure_vpc.aws_network_acl.outpost",
            "module.dev-secure_vpc.aws_network_acl.private",
            "module.dev-secure_vpc.aws_network_acl.public",
            "module.dev-secure_vpc.aws_network_acl.redshift",
            "module.dev-secure_vpc.aws_network_acl_rule.database_inbound",
            "module.dev-secure_vpc.aws_network_acl_rule.database_outbound",
            "module.dev-secure_vpc.aws_network_acl_rule.elasticache_inbound",
            "module.dev-secure_vpc.aws_network_acl_rule.elasticache_outbound",
            "module.dev-secure_vpc.aws_network_acl_rule.intra_inbound",
            "module.dev-secure_vpc.aws_network_acl_rule.intra_outbound",
            "module.dev-secure_vpc.aws_network_acl_rule.outpost_inbound",
            "module.dev-secure_vpc.aws_network_acl_rule.outpost_outbound",
            "module.dev-secure_vpc.aws_network_acl_rule.private_inbound",
            "module.dev-secure_vpc.aws_network_acl_rule.private_outbound",
            "module.dev-secure_vpc.aws_network_acl_rule.public_inbound",
            "module.dev-secure_vpc.aws_network_acl_rule.public_outbound",
            "module.dev-secure_vpc.aws_network_acl_rule.redshift_inbound",
            "module.dev-secure_vpc.aws_network_acl_rule.redshift_outbound",
            "module.dev-secure_vpc.aws_redshift_subnet_group.redshift",
            "module.dev-secure_vpc.aws_route.database_internet_gateway",
            "module.dev-secure_vpc.aws_route.database_ipv6_egress",
            "module.dev-secure_vpc.aws_route.database_nat_gateway",
            "module.dev-secure_vpc.aws_route.private_ipv6_egress",
            "module.dev-secure_vpc.aws_route.private_nat_gateway",
            "module.dev-secure_vpc.aws_route.public_internet_gateway",
            "module.dev-secure_vpc.aws_route.public_internet_gateway_ipv6",
            "module.dev-secure_vpc.aws_route_table.database",
            "module.dev-secure_vpc.aws_route_table.elasticache",
            "module.dev-secure_vpc.aws_route_table.intra",
            "module.dev-secure_vpc.aws_route_table.private",
            "module.dev-secure_vpc.aws_route_table.public",
            "module.dev-secure_vpc.aws_route_table.redshift",
            "module.dev-secure_vpc.aws_route_table_association.database",
            "module.dev-secure_vpc.aws_route_table_association.elasticache",
            "module.dev-secure_vpc.aws_route_table_association.intra",
            "module.dev-secure_vpc.aws_route_table_association.outpost",
            "module.dev-secure_vpc.aws_route_table_association.private",
            "module.dev-secure_vpc.aws_route_table_association.public",
            "module.dev-secure_vpc.aws_route_table_association.redshift",
            "module.dev-secure_vpc.aws_route_table_association.redshift_public",
            "module.dev-secure_vpc.aws_subnet.database",
            "module.dev-secure_vpc.aws_subnet.elasticache",
            "module.dev-secure_vpc.aws_subnet.intra",
            "module.dev-secure_vpc.aws_subnet.outpost",
            "module.dev-secure_vpc.aws_subnet.private",
            "module.dev-secure_vpc.aws_subnet.public",
            "module.dev-secure_vpc.aws_subnet.redshift",
            "module.dev-secure_vpc.aws_vpc.this",
            "module.dev-secure_vpc.aws_vpc_dhcp_options.this",
            "module.dev-secure_vpc.aws_vpc_dhcp_options_association.this",
            "module.dev-secure_vpc.aws_vpc_ipv4_cidr_block_association.this",
            "module.dev-secure_vpc.aws_vpn_gateway.this",
            "module.dev-secure_vpc.aws_vpn_gateway_attachment.this",
            "module.dev-secure_vpc.aws_vpn_gateway_route_propagation.intra",
            "module.dev-secure_vpc.aws_vpn_gateway_route_propagation.private",
            "module.dev-secure_vpc.aws_vpn_gateway_route_propagation.public",
            "module.dev-secure_vpc.data.aws_iam_policy_document.flow_log_cloudwatch_assume_role",
            "module.dev-secure_vpc.data.aws_iam_policy_document.vpc_flow_log_cloudwatch",
            "module.ec2_instance_api-svr.aws_instance.this",
            "module.ec2_instance_api-svr.aws_spot_instance_request.this"
          ],
          "create_before_destroy": true
        }
      ]
    },
    {
      "module": "module.alb",
      "mode": "managed",
      "type": "aws_lb_target_group_attachment",
      "name": "this",
      "provider": "provider[\"registry.terraform.io/hashicorp/aws\"]",
      "instances": [
        {
          "index_key": "0.ec2_api_server",
          "schema_version": 0,
          "attributes": {
            "availability_zone": null,
            "id": "arn:aws:elasticloadbalancing:us-west-2:899922192574:targetgroup/tg-api20220306230315299800000002/d6e39747e65b9451-20220306230317725100000003",
            "port": 80,
            "target_group_arn": "arn:aws:elasticloadbalancing:us-west-2:899922192574:targetgroup/tg-api20220306230315299800000002/d6e39747e65b9451",
            "target_id": "i-0cfdb9ef05063d2b0"
          },
          "sensitive_attributes": [],
          "private": "bnVsbA==",
          "dependencies": [
            "aws_security_group.TEST-Management",
            "aws_security_group.TEST-secure-api-svr-sg",
            "data.aws_ami.amz_linux2",
            "module.alb.aws_lb_target_group.main",
            "module.dev-secure_vpc.aws_cloudwatch_log_group.flow_log",
            "module.dev-secure_vpc.aws_customer_gateway.this",
            "module.dev-secure_vpc.aws_db_subnet_group.database",
            "module.dev-secure_vpc.aws_default_network_acl.this",
            "module.dev-secure_vpc.aws_default_route_table.default",
            "module.dev-secure_vpc.aws_default_security_group.this",
            "module.dev-secure_vpc.aws_default_vpc.this",
            "module.dev-secure_vpc.aws_egress_only_internet_gateway.this",
            "module.dev-secure_vpc.aws_eip.nat",
            "module.dev-secure_vpc.aws_elasticache_subnet_group.elasticache",
            "module.dev-secure_vpc.aws_flow_log.this",
            "module.dev-secure_vpc.aws_iam_policy.vpc_flow_log_cloudwatch",
            "module.dev-secure_vpc.aws_iam_role.vpc_flow_log_cloudwatch",
            "module.dev-secure_vpc.aws_iam_role_policy_attachment.vpc_flow_log_cloudwatch",
            "module.dev-secure_vpc.aws_internet_gateway.this",
            "module.dev-secure_vpc.aws_nat_gateway.this",
            "module.dev-secure_vpc.aws_network_acl.database",
            "module.dev-secure_vpc.aws_network_acl.elasticache",
            "module.dev-secure_vpc.aws_network_acl.intra",
            "module.dev-secure_vpc.aws_network_acl.outpost",
            "module.dev-secure_vpc.aws_network_acl.private",
            "module.dev-secure_vpc.aws_network_acl.public",
            "module.dev-secure_vpc.aws_network_acl.redshift",
            "module.dev-secure_vpc.aws_network_acl_rule.database_inbound",
            "module.dev-secure_vpc.aws_network_acl_rule.database_outbound",
            "module.dev-secure_vpc.aws_network_acl_rule.elasticache_inbound",
            "module.dev-secure_vpc.aws_network_acl_rule.elasticache_outbound",
            "module.dev-secure_vpc.aws_network_acl_rule.intra_inbound",
            "module.dev-secure_vpc.aws_network_acl_rule.intra_outbound",
            "module.dev-secure_vpc.aws_network_acl_rule.outpost_inbound",
            "module.dev-secure_vpc.aws_network_acl_rule.outpost_outbound",
            "module.dev-secure_vpc.aws_network_acl_rule.private_inbound",
            "module.dev-secure_vpc.aws_network_acl_rule.private_outbound",
            "module.dev-secure_vpc.aws_network_acl_rule.public_inbound",
            "module.dev-secure_vpc.aws_network_acl_rule.public_outbound",
            "module.dev-secure_vpc.aws_network_acl_rule.redshift_inbound",
            "module.dev-secure_vpc.aws_network_acl_rule.redshift_outbound",
            "module.dev-secure_vpc.aws_redshift_subnet_group.redshift",
            "module.dev-secure_vpc.aws_route.database_internet_gateway",
            "module.dev-secure_vpc.aws_route.database_ipv6_egress",
            "module.dev-secure_vpc.aws_route.database_nat_gateway",
            "module.dev-secure_vpc.aws_route.private_ipv6_egress",
            "module.dev-secure_vpc.aws_route.private_nat_gateway",
            "module.dev-secure_vpc.aws_route.public_internet_gateway",
            "module.dev-secure_vpc.aws_route.public_internet_gateway_ipv6",
            "module.dev-secure_vpc.aws_route_table.database",
            "module.dev-secure_vpc.aws_route_table.elasticache",
            "module.dev-secure_vpc.aws_route_table.intra",
            "module.dev-secure_vpc.aws_route_table.private",
            "module.dev-secure_vpc.aws_route_table.public",
            "module.dev-secure_vpc.aws_route_table.redshift",
            "module.dev-secure_vpc.aws_route_table_association.database",
            "module.dev-secure_vpc.aws_route_table_association.elasticache",
            "module.dev-secure_vpc.aws_route_table_association.intra",
            "module.dev-secure_vpc.aws_route_table_association.outpost",
            "module.dev-secure_vpc.aws_route_table_association.private",
            "module.dev-secure_vpc.aws_route_table_association.public",
            "module.dev-secure_vpc.aws_route_table_association.redshift",
            "module.dev-secure_vpc.aws_route_table_association.redshift_public",
            "module.dev-secure_vpc.aws_subnet.database",
            "module.dev-secure_vpc.aws_subnet.elasticache",
            "module.dev-secure_vpc.aws_subnet.intra",
            "module.dev-secure_vpc.aws_subnet.outpost",
            "module.dev-secure_vpc.aws_subnet.private",
            "module.dev-secure_vpc.aws_subnet.public",
            "module.dev-secure_vpc.aws_subnet.redshift",
            "module.dev-secure_vpc.aws_vpc.this",
            "module.dev-secure_vpc.aws_vpc_dhcp_options.this",
            "module.dev-secure_vpc.aws_vpc_dhcp_options_association.this",
            "module.dev-secure_vpc.aws_vpc_ipv4_cidr_block_association.this",
            "module.dev-secure_vpc.aws_vpn_gateway.this",
            "module.dev-secure_vpc.aws_vpn_gateway_attachment.this",
            "module.dev-secure_vpc.aws_vpn_gateway_route_propagation.intra",
            "module.dev-secure_vpc.aws_vpn_gateway_route_propagation.private",
            "module.dev-secure_vpc.aws_vpn_gateway_route_propagation.public",
            "module.dev-secure_vpc.data.aws_iam_policy_document.flow_log_cloudwatch_assume_role",
            "module.dev-secure_vpc.data.aws_iam_policy_document.vpc_flow_log_cloudwatch",
            "module.ec2_instance_api-svr.aws_instance.this",
            "module.ec2_instance_api-svr.aws_spot_instance_request.this"
          ]
        }
      ]
    },
    {
      "module": "module.aurora",
      "mode": "data",
      "type": "aws_iam_policy_document",
      "name": "monitoring_rds_assume_role",
      "provider": "provider[\"registry.terraform.io/hashicorp/aws\"]",
      "instances": [
        {
          "schema_version": 0,
          "attributes": {
            "id": "1813475199",
            "json": "{\n  \"Version\": \"2012-10-17\",\n  \"Statement\": [\n    {\n      \"Sid\": \"\",\n      \"Effect\": \"Allow\",\n      \"Action\": \"sts:AssumeRole\",\n      \"Principal\": {\n        \"Service\": \"monitoring.rds.amazonaws.com\"\n      }\n    }\n  ]\n}",
            "override_json": null,
            "override_policy_documents": null,
            "policy_id": null,
            "source_json": null,
            "source_policy_documents": null,
            "statement": [
              {
                "actions": [
                  "sts:AssumeRole"
                ],
                "condition": [],
                "effect": "Allow",
                "not_actions": [],
                "not_principals": [],
                "not_resources": [],
                "principals": [
                  {
                    "identifiers": [
                      "monitoring.rds.amazonaws.com"
                    ],
                    "type": "Service"
                  }
                ],
                "resources": [],
                "sid": ""
              }
            ],
            "version": "2012-10-17"
          },
          "sensitive_attributes": []
        }
      ]
    },
    {
      "module": "module.aurora",
      "mode": "data",
      "type": "aws_partition",
      "name": "current",
      "provider": "provider[\"registry.terraform.io/hashicorp/aws\"]",
      "instances": [
        {
          "schema_version": 0,
          "attributes": {
            "dns_suffix": "amazonaws.com",
            "id": "aws",
            "partition": "aws",
            "reverse_dns_prefix": "com.amazonaws"
          },
          "sensitive_attributes": []
        }
      ]
    },
    {
      "module": "module.aurora",
      "mode": "managed",
      "type": "aws_db_subnet_group",
      "name": "this",
      "provider": "provider[\"registry.terraform.io/hashicorp/aws\"]",
      "instances": []
    },
    {
      "module": "module.aurora",
      "mode": "managed",
      "type": "aws_iam_role_policy_attachment",
      "name": "rds_enhanced_monitoring",
      "provider": "provider[\"registry.terraform.io/hashicorp/aws\"]",
      "instances": []
    },
    {
      "module": "module.aurora",
      "mode": "managed",
      "type": "aws_rds_cluster",
      "name": "this",
      "provider": "provider[\"registry.terraform.io/hashicorp/aws\"]",
      "instances": [
        {
          "index_key": 0,
          "schema_version": 0,
          "attributes": {
            "allow_major_version_upgrade": false,
            "apply_immediately": true,
            "arn": "arn:aws:rds:us-west-2:899922192574:cluster:tiptondb",
            "availability_zones": [
              "us-west-2a",
              "us-west-2b",
              "us-west-2c"
            ],
            "backtrack_window": 0,
            "backup_retention_period": 15,
            "cluster_identifier": "tiptondb",
            "cluster_identifier_prefix": null,
            "cluster_members": [],
            "cluster_resource_id": "cluster-QQ7DJFBMAOM5YQQWYZLSNKJOAY",
            "copy_tags_to_snapshot": true,
            "database_name": "tiptondb",
            "db_cluster_parameter_group_name": "aurora-mysql-cluster-parameter-group",
            "db_instance_parameter_group_name": null,
            "db_subnet_group_name": "dev-dbsubnet",
            "deletion_protection": true,
            "enable_global_write_forwarding": false,
            "enable_http_endpoint": false,
            "enabled_cloudwatch_logs_exports": null,
            "endpoint": "tiptondb.cluster-cs36oroculbw.us-west-2.rds.amazonaws.com",
            "engine": "aurora-mysql",
            "engine_mode": "provisioned",
            "engine_version": "5.7.mysql_aurora.2.09.2",
            "engine_version_actual": "5.7.mysql_aurora.2.09.2",
            "final_snapshot_identifier": "final-tiptondb-e0709110",
            "global_cluster_identifier": "",
            "hosted_zone_id": "Z1PVIF0B656C1W",
            "iam_database_authentication_enabled": false,
            "iam_roles": [],
            "id": "tiptondb",
            "kms_key_id": "arn:aws:kms:us-west-2:899922192574:key/958809b9-ee07-4c99-9100-c03df802a728",
            "master_password": "QR1jSnzncL",
            "master_username": "tiptonsysadmin",
            "port": 3306,
            "preferred_backup_window": "04:00-05:00",
            "preferred_maintenance_window": "sun:05:00-sun:06:00",
            "reader_endpoint": "tiptondb.cluster-ro-cs36oroculbw.us-west-2.rds.amazonaws.com",
            "replication_source_identifier": "",
            "restore_to_point_in_time": [],
            "s3_import": [],
            "scaling_configuration": [],
            "skip_final_snapshot": false,
            "snapshot_identifier": null,
            "source_region": "",
            "storage_encrypted": true,
            "tags": {
              "environment": "dev",
              "owners": "terraform-ci"
            },
            "tags_all": {
              "environment": "dev",
              "owners": "terraform-ci"
            },
            "timeouts": null,
            "vpc_security_group_ids": [
              "sg-09cc35dc2ecba31f6"
            ]
          },
          "sensitive_attributes": [
            [
              {
                "type": "get_attr",
                "value": "master_password"
              }
            ]
          ],
          "private": "eyJlMmJmYjczMC1lY2FhLTExZTYtOGY4OC0zNDM2M2JjN2M0YzAiOnsiY3JlYXRlIjo3MjAwMDAwMDAwMDAwLCJkZWxldGUiOjcyMDAwMDAwMDAwMDAsInVwZGF0ZSI6NzIwMDAwMDAwMDAwMH19",
          "dependencies": [
            "aws_db_subnet_group.dbsubnet",
            "aws_rds_cluster_parameter_group.aurora_cluster_mysql_parameter_group",
            "aws_security_group.TEST-dev-rds-sg",
            "module.aurora.aws_db_subnet_group.this",
            "module.aurora.aws_security_group.this",
            "module.aurora.random_id.snapshot_identifier",
            "module.aurora.random_password.master_password",
            "module.dev-secure_vpc.aws_subnet.private"
          ]
        }
      ]
    },
    {
      "module": "module.aurora",
      "mode": "managed",
      "type": "aws_rds_cluster_instance",
      "name": "this",
      "provider": "provider[\"registry.terraform.io/hashicorp/aws\"]",
      "instances": []
    },
    {
      "module": "module.aurora",
      "mode": "managed",
      "type": "aws_security_group",
      "name": "this",
      "provider": "provider[\"registry.terraform.io/hashicorp/aws\"]",
      "instances": []
    },
    {
      "module": "module.aurora",
      "mode": "managed",
      "type": "random_id",
      "name": "snapshot_identifier",
      "provider": "provider[\"registry.terraform.io/hashicorp/random\"]",
      "instances": [
        {
          "index_key": 0,
          "schema_version": 0,
          "attributes": {
            "b64_std": "4HCREA==",
            "b64_url": "4HCREA",
            "byte_length": 4,
            "dec": "3765473552",
            "hex": "e0709110",
            "id": "4HCREA",
            "keepers": {
              "id": "tiptondb"
            },
            "prefix": null
          },
          "sensitive_attributes": [],
          "private": "bnVsbA=="
        }
      ]
    },
    {
      "module": "module.aurora",
      "mode": "managed",
      "type": "random_password",
      "name": "master_password",
      "provider": "provider[\"registry.terraform.io/hashicorp/random\"]",
      "instances": [
        {
          "index_key": 0,
          "schema_version": 0,
          "attributes": {
            "id": "none",
            "keepers": null,
            "length": 10,
            "lower": true,
            "min_lower": 0,
            "min_numeric": 0,
            "min_special": 0,
            "min_upper": 0,
            "number": true,
            "override_special": null,
            "result": "QR1jSnzncL",
            "special": false,
            "upper": true
          },
          "sensitive_attributes": [],
          "private": "bnVsbA=="
        }
      ]
    },
    {
      "module": "module.autoscaling",
      "mode": "managed",
      "type": "aws_autoscaling_group",
      "name": "this",
      "provider": "provider[\"registry.terraform.io/hashicorp/aws\"]",
      "instances": [
        {
          "index_key": 0,
          "schema_version": 0,
          "attributes": {
            "arn": "arn:aws:autoscaling:us-west-2:899922192574:autoScalingGroup:542f2818-7c50-4cf6-9941-39283df8737b:autoScalingGroupName/dev-myasg",
            "availability_zones": [
              "us-west-2a",
              "us-west-2b",
              "us-west-2c"
            ],
            "capacity_rebalance": false,
            "default_cooldown": 300,
            "desired_capacity": 3,
            "enabled_metrics": [],
            "force_delete": false,
            "force_delete_warm_pool": false,
            "health_check_grace_period": 300,
            "health_check_type": "EC2",
            "id": "dev-myasg",
            "initial_lifecycle_hook": [
              {
                "default_result": "CONTINUE",
                "heartbeat_timeout": 180,
                "lifecycle_transition": "autoscaling:EC2_INSTANCE_TERMINATING",
                "name": "ExampleTerminationLifeCycleHook",
                "notification_metadata": "",
                "notification_target_arn": "",
                "role_arn": ""
              },
              {
                "default_result": "CONTINUE",
                "heartbeat_timeout": 60,
                "lifecycle_transition": "autoscaling:EC2_INSTANCE_LAUNCHING",
                "name": "ExampleStartupLifeCycleHook",
                "notification_metadata": "",
                "notification_target_arn": "",
                "role_arn": ""
              }
            ],
            "instance_refresh": [
              {
                "preferences": [
                  {
                    "checkpoint_delay": "",
                    "checkpoint_percentages": [],
                    "instance_warmup": "",
                    "min_healthy_percentage": 50
                  }
                ],
                "strategy": "Rolling",
                "triggers": [
                  "desired_capacity",
                  "tag"
                ]
              }
            ],
            "launch_configuration": "dev-mylc1-20220306230039320100000001",
            "launch_template": [],
            "load_balancers": [],
            "max_instance_lifetime": 0,
            "max_size": 5,
            "metrics_granularity": "1Minute",
            "min_elb_capacity": null,
            "min_size": 3,
            "mixed_instances_policy": [],
            "name": "dev-myasg",
            "name_prefix": "",
            "placement_group": "",
            "protect_from_scale_in": false,
            "service_linked_role_arn": "arn:aws:iam::899922192574:role/aws-service-role/autoscaling.amazonaws.com/AWSServiceRoleForAutoScaling",
            "suspended_processes": [],
            "tag": [],
            "tags": [
              {
                "key": "Name",
                "propagate_at_launch": "true",
                "value": "dev-ASG-api-svr"
              },
              {
                "key": "Name",
                "propagate_at_launch": "true",
                "value": "dev-myasg"
              }
            ],
            "target_group_arns": [
              "arn:aws:elasticloadbalancing:us-west-2:899922192574:targetgroup/tg-api20220306230315299800000002/d6e39747e65b9451"
            ],
            "termination_policies": [],
            "timeouts": {
              "delete": null
            },
            "vpc_zone_identifier": [
              "subnet-045b2ecdae9f24a94",
              "subnet-05d3099c2bb6e0be3",
              "subnet-07dd105ca2f923d96"
            ],
            "wait_for_capacity_timeout": "0",
            "wait_for_elb_capacity": null,
            "warm_pool": []
          },
          "sensitive_attributes": [],
          "private": "eyJlMmJmYjczMC1lY2FhLTExZTYtOGY4OC0zNDM2M2JjN2M0YzAiOnsiZGVsZXRlIjo2MDAwMDAwMDAwMDB9fQ==",
          "dependencies": [
            "aws_security_group.TEST-Management",
            "aws_security_group.TEST-secure-api-svr-sg",
            "data.aws_ami.amz_linux2",
            "module.alb.aws_lb_target_group.main",
            "module.autoscaling.aws_launch_configuration.this",
            "module.autoscaling.aws_launch_template.this",
            "module.autoscaling.null_resource.tags_as_list_of_maps",
            "module.dev-secure_vpc.aws_cloudwatch_log_group.flow_log",
            "module.dev-secure_vpc.aws_customer_gateway.this",
            "module.dev-secure_vpc.aws_db_subnet_group.database",
            "module.dev-secure_vpc.aws_default_network_acl.this",
            "module.dev-secure_vpc.aws_default_route_table.default",
            "module.dev-secure_vpc.aws_default_security_group.this",
            "module.dev-secure_vpc.aws_default_vpc.this",
            "module.dev-secure_vpc.aws_egress_only_internet_gateway.this",
            "module.dev-secure_vpc.aws_eip.nat",
            "module.dev-secure_vpc.aws_elasticache_subnet_group.elasticache",
            "module.dev-secure_vpc.aws_flow_log.this",
            "module.dev-secure_vpc.aws_iam_policy.vpc_flow_log_cloudwatch",
            "module.dev-secure_vpc.aws_iam_role.vpc_flow_log_cloudwatch",
            "module.dev-secure_vpc.aws_iam_role_policy_attachment.vpc_flow_log_cloudwatch",
            "module.dev-secure_vpc.aws_internet_gateway.this",
            "module.dev-secure_vpc.aws_nat_gateway.this",
            "module.dev-secure_vpc.aws_network_acl.database",
            "module.dev-secure_vpc.aws_network_acl.elasticache",
            "module.dev-secure_vpc.aws_network_acl.intra",
            "module.dev-secure_vpc.aws_network_acl.outpost",
            "module.dev-secure_vpc.aws_network_acl.private",
            "module.dev-secure_vpc.aws_network_acl.public",
            "module.dev-secure_vpc.aws_network_acl.redshift",
            "module.dev-secure_vpc.aws_network_acl_rule.database_inbound",
            "module.dev-secure_vpc.aws_network_acl_rule.database_outbound",
            "module.dev-secure_vpc.aws_network_acl_rule.elasticache_inbound",
            "module.dev-secure_vpc.aws_network_acl_rule.elasticache_outbound",
            "module.dev-secure_vpc.aws_network_acl_rule.intra_inbound",
            "module.dev-secure_vpc.aws_network_acl_rule.intra_outbound",
            "module.dev-secure_vpc.aws_network_acl_rule.outpost_inbound",
            "module.dev-secure_vpc.aws_network_acl_rule.outpost_outbound",
            "module.dev-secure_vpc.aws_network_acl_rule.private_inbound",
            "module.dev-secure_vpc.aws_network_acl_rule.private_outbound",
            "module.dev-secure_vpc.aws_network_acl_rule.public_inbound",
            "module.dev-secure_vpc.aws_network_acl_rule.public_outbound",
            "module.dev-secure_vpc.aws_network_acl_rule.redshift_inbound",
            "module.dev-secure_vpc.aws_network_acl_rule.redshift_outbound",
            "module.dev-secure_vpc.aws_redshift_subnet_group.redshift",
            "module.dev-secure_vpc.aws_route.database_internet_gateway",
            "module.dev-secure_vpc.aws_route.database_ipv6_egress",
            "module.dev-secure_vpc.aws_route.database_nat_gateway",
            "module.dev-secure_vpc.aws_route.private_ipv6_egress",
            "module.dev-secure_vpc.aws_route.private_nat_gateway",
            "module.dev-secure_vpc.aws_route.public_internet_gateway",
            "module.dev-secure_vpc.aws_route.public_internet_gateway_ipv6",
            "module.dev-secure_vpc.aws_route_table.database",
            "module.dev-secure_vpc.aws_route_table.elasticache",
            "module.dev-secure_vpc.aws_route_table.intra",
            "module.dev-secure_vpc.aws_route_table.private",
            "module.dev-secure_vpc.aws_route_table.public",
            "module.dev-secure_vpc.aws_route_table.redshift",
            "module.dev-secure_vpc.aws_route_table_association.database",
            "module.dev-secure_vpc.aws_route_table_association.elasticache",
            "module.dev-secure_vpc.aws_route_table_association.intra",
            "module.dev-secure_vpc.aws_route_table_association.outpost",
            "module.dev-secure_vpc.aws_route_table_association.private",
            "module.dev-secure_vpc.aws_route_table_association.public",
            "module.dev-secure_vpc.aws_route_table_association.redshift",
            "module.dev-secure_vpc.aws_route_table_association.redshift_public",
            "module.dev-secure_vpc.aws_subnet.database",
            "module.dev-secure_vpc.aws_subnet.elasticache",
            "module.dev-secure_vpc.aws_subnet.intra",
            "module.dev-secure_vpc.aws_subnet.outpost",
            "module.dev-secure_vpc.aws_subnet.private",
            "module.dev-secure_vpc.aws_subnet.public",
            "module.dev-secure_vpc.aws_subnet.redshift",
            "module.dev-secure_vpc.aws_vpc.this",
            "module.dev-secure_vpc.aws_vpc_dhcp_options.this",
            "module.dev-secure_vpc.aws_vpc_dhcp_options_association.this",
            "module.dev-secure_vpc.aws_vpc_ipv4_cidr_block_association.this",
            "module.dev-secure_vpc.aws_vpn_gateway.this",
            "module.dev-secure_vpc.aws_vpn_gateway_attachment.this",
            "module.dev-secure_vpc.aws_vpn_gateway_route_propagation.intra",
            "module.dev-secure_vpc.aws_vpn_gateway_route_propagation.private",
            "module.dev-secure_vpc.aws_vpn_gateway_route_propagation.public",
            "module.dev-secure_vpc.data.aws_iam_policy_document.flow_log_cloudwatch_assume_role",
            "module.dev-secure_vpc.data.aws_iam_policy_document.vpc_flow_log_cloudwatch",
            "module.ec2_instance_api-svr.aws_instance.this",
            "module.ec2_instance_api-svr.aws_spot_instance_request.this"
          ],
          "create_before_destroy": true
        }
      ]
    },
    {
      "module": "module.autoscaling",
      "mode": "managed",
      "type": "aws_launch_configuration",
      "name": "this",
      "provider": "provider[\"registry.terraform.io/hashicorp/aws\"]",
      "instances": [
        {
          "index_key": 0,
          "schema_version": 0,
          "attributes": {
            "arn": "arn:aws:autoscaling:us-west-2:899922192574:launchConfiguration:d4ae0c26-db22-4a87-9043-d5ba3f98427a:launchConfigurationName/dev-mylc1-20220306230039320100000001",
            "associate_public_ip_address": false,
            "ebs_block_device": [],
            "ebs_optimized": false,
            "enable_monitoring": false,
            "ephemeral_block_device": [],
            "iam_instance_profile": "",
            "id": "dev-mylc1-20220306230039320100000001",
            "image_id": "ami-00656d51d312f0dee",
            "instance_type": "t2.micro",
            "key_name": "tipton_staging_key",
            "metadata_options": [
              {
                "http_endpoint": "enabled",
                "http_put_response_hop_limit": 32,
                "http_tokens": "optional"
              }
            ],
            "name": "dev-mylc1-20220306230039320100000001",
            "name_prefix": "dev-mylc1-",
            "placement_tenancy": null,
            "root_block_device": [
              {
                "delete_on_termination": true,
                "encrypted": false,
                "iops": 0,
                "throughput": 0,
                "volume_size": 8,
                "volume_type": "gp2"
              }
            ],
            "security_groups": [
              "sg-07be2557b2deefeee",
              "sg-09f86f126e73c8b7b"
            ],
            "spot_price": "",
            "user_data": "3d46561f2fc92421476a83b505e4b8ce00f56675",
            "user_data_base64": null,
            "vpc_classic_link_id": "",
            "vpc_classic_link_security_groups": []
          },
          "sensitive_attributes": [],
          "private": "bnVsbA==",
          "dependencies": [
            "aws_security_group.TEST-Management",
            "aws_security_group.TEST-secure-api-svr-sg",
            "data.aws_ami.amz_linux2",
            "module.dev-secure_vpc.aws_vpc.this"
          ],
          "create_before_destroy": true
        }
      ]
    },
    {
      "module": "module.dev-general-vpc",
      "mode": "managed",
      "type": "aws_eip",
      "name": "nat",
      "provider": "provider[\"registry.terraform.io/hashicorp/aws\"]",
      "instances": [
        {
          "index_key": 0,
          "schema_version": 0,
          "attributes": {
            "address": null,
            "allocation_id": "eipalloc-0f275c72179fc4d78",
            "associate_with_private_ip": null,
            "association_id": "eipassoc-0fda643709a5f7b58",
            "carrier_ip": "",
            "customer_owned_ip": "",
            "customer_owned_ipv4_pool": "",
            "domain": "vpc",
            "id": "eipalloc-0f275c72179fc4d78",
            "instance": "",
            "network_border_group": "us-west-2",
            "network_interface": "eni-065fa8ecb8adaf585",
            "private_dns": "ip-192-168-12-18.us-west-2.compute.internal",
            "private_ip": "192.168.12.18",
            "public_dns": "ec2-52-10-97-131.us-west-2.compute.amazonaws.com",
            "public_ip": "52.10.97.131",
            "public_ipv4_pool": "amazon",
            "tags": {
              "Name": "dev-general-vpc-us-west-2a"
            },
            "tags_all": {
              "Name": "dev-general-vpc-us-west-2a"
            },
            "timeouts": null,
            "vpc": true
          },
          "sensitive_attributes": [],
          "private": "eyJlMmJmYjczMC1lY2FhLTExZTYtOGY4OC0zNDM2M2JjN2M0YzAiOnsiZGVsZXRlIjoxODAwMDAwMDAwMDAsInJlYWQiOjkwMDAwMDAwMDAwMCwidXBkYXRlIjozMDAwMDAwMDAwMDB9fQ=="
        }
      ]
    },
    {
      "module": "module.dev-general-vpc",
      "mode": "managed",
      "type": "aws_internet_gateway",
      "name": "this",
      "provider": "provider[\"registry.terraform.io/hashicorp/aws\"]",
      "instances": [
        {
          "index_key": 0,
          "schema_version": 0,
          "attributes": {
            "arn": "arn:aws:ec2:us-west-2:899922192574:internet-gateway/igw-02083464a12308b26",
            "id": "igw-02083464a12308b26",
            "owner_id": "899922192574",
            "tags": {
              "Name": "dev-general-vpc"
            },
            "tags_all": {
              "Name": "dev-general-vpc"
            },
            "vpc_id": "vpc-0a2ed6356b073bc22"
          },
          "sensitive_attributes": [],
          "private": "bnVsbA==",
          "dependencies": [
            "module.dev-general-vpc.aws_vpc.this",
            "module.dev-general-vpc.aws_vpc_ipv4_cidr_block_association.this"
          ]
        }
      ]
    },
    {
      "module": "module.dev-general-vpc",
      "mode": "managed",
      "type": "aws_nat_gateway",
      "name": "this",
      "provider": "provider[\"registry.terraform.io/hashicorp/aws\"]",
      "instances": [
        {
          "index_key": 0,
          "schema_version": 0,
          "attributes": {
            "allocation_id": "eipalloc-0f275c72179fc4d78",
            "connectivity_type": "public",
            "id": "nat-0c2e17235cabc2650",
            "network_interface_id": "eni-065fa8ecb8adaf585",
            "private_ip": "192.168.12.18",
            "public_ip": "52.10.97.131",
            "subnet_id": "subnet-0956881a7a03db7db",
            "tags": {
              "Name": "dev-general-vpc-us-west-2a"
            },
            "tags_all": {
              "Name": "dev-general-vpc-us-west-2a"
            }
          },
          "sensitive_attributes": [],
          "private": "bnVsbA==",
          "dependencies": [
            "module.dev-general-vpc.aws_eip.nat",
            "module.dev-general-vpc.aws_internet_gateway.this",
            "module.dev-general-vpc.aws_subnet.public",
            "module.dev-general-vpc.aws_vpc.this",
            "module.dev-general-vpc.aws_vpc_ipv4_cidr_block_association.this"
          ]
        }
      ]
    },
    {
      "module": "module.dev-general-vpc",
      "mode": "managed",
      "type": "aws_route",
      "name": "private_nat_gateway",
      "provider": "provider[\"registry.terraform.io/hashicorp/aws\"]",
      "instances": [
        {
          "index_key": 0,
          "schema_version": 0,
          "attributes": {
            "carrier_gateway_id": "",
            "destination_cidr_block": "0.0.0.0/0",
            "destination_ipv6_cidr_block": "",
            "destination_prefix_list_id": "",
            "egress_only_gateway_id": "",
            "gateway_id": "",
            "id": "r-rtb-0b3a5602b9a88380e1080289494",
            "instance_id": "",
            "instance_owner_id": "",
            "local_gateway_id": "",
            "nat_gateway_id": "nat-0c2e17235cabc2650",
            "network_interface_id": "",
            "origin": "CreateRoute",
            "route_table_id": "rtb-0b3a5602b9a88380e",
            "state": "active",
            "timeouts": {
              "create": "5m",
              "delete": null,
              "update": null
            },
            "transit_gateway_id": "",
            "vpc_endpoint_id": "",
            "vpc_peering_connection_id": ""
          },
          "sensitive_attributes": [],
          "private": "eyJlMmJmYjczMC1lY2FhLTExZTYtOGY4OC0zNDM2M2JjN2M0YzAiOnsiY3JlYXRlIjozMDAwMDAwMDAwMDAsImRlbGV0ZSI6MzAwMDAwMDAwMDAwLCJ1cGRhdGUiOjEyMDAwMDAwMDAwMH19",
          "dependencies": [
            "module.dev-general-vpc.aws_eip.nat",
            "module.dev-general-vpc.aws_internet_gateway.this",
            "module.dev-general-vpc.aws_nat_gateway.this",
            "module.dev-general-vpc.aws_route_table.private",
            "module.dev-general-vpc.aws_subnet.public",
            "module.dev-general-vpc.aws_vpc.this",
            "module.dev-general-vpc.aws_vpc_ipv4_cidr_block_association.this"
          ]
        }
      ]
    },
    {
      "module": "module.dev-general-vpc",
      "mode": "managed",
      "type": "aws_route",
      "name": "public_internet_gateway",
      "provider": "provider[\"registry.terraform.io/hashicorp/aws\"]",
      "instances": [
        {
          "index_key": 0,
          "schema_version": 0,
          "attributes": {
            "carrier_gateway_id": "",
            "destination_cidr_block": "0.0.0.0/0",
            "destination_ipv6_cidr_block": "",
            "destination_prefix_list_id": "",
            "egress_only_gateway_id": "",
            "gateway_id": "igw-02083464a12308b26",
            "id": "r-rtb-09ab34fe2d1ffd6bf1080289494",
            "instance_id": "",
            "instance_owner_id": "",
            "local_gateway_id": "",
            "nat_gateway_id": "",
            "network_interface_id": "",
            "origin": "CreateRoute",
            "route_table_id": "rtb-09ab34fe2d1ffd6bf",
            "state": "active",
            "timeouts": {
              "create": "5m",
              "delete": null,
              "update": null
            },
            "transit_gateway_id": "",
            "vpc_endpoint_id": "",
            "vpc_peering_connection_id": ""
          },
          "sensitive_attributes": [],
          "private": "eyJlMmJmYjczMC1lY2FhLTExZTYtOGY4OC0zNDM2M2JjN2M0YzAiOnsiY3JlYXRlIjozMDAwMDAwMDAwMDAsImRlbGV0ZSI6MzAwMDAwMDAwMDAwLCJ1cGRhdGUiOjEyMDAwMDAwMDAwMH19",
          "dependencies": [
            "module.dev-general-vpc.aws_internet_gateway.this",
            "module.dev-general-vpc.aws_route_table.public",
            "module.dev-general-vpc.aws_vpc.this",
            "module.dev-general-vpc.aws_vpc_ipv4_cidr_block_association.this"
          ]
        }
      ]
    },
    {
      "module": "module.dev-general-vpc",
      "mode": "managed",
      "type": "aws_route_table",
      "name": "private",
      "provider": "provider[\"registry.terraform.io/hashicorp/aws\"]",
      "instances": [
        {
          "index_key": 0,
          "schema_version": 0,
          "attributes": {
            "arn": "arn:aws:ec2:us-west-2:899922192574:route-table/rtb-0b3a5602b9a88380e",
            "id": "rtb-0b3a5602b9a88380e",
            "owner_id": "899922192574",
            "propagating_vgws": [],
            "route": [
              {
                "carrier_gateway_id": "",
                "cidr_block": "0.0.0.0/0",
                "destination_prefix_list_id": "",
                "egress_only_gateway_id": "",
                "gateway_id": "",
                "instance_id": "",
                "ipv6_cidr_block": "",
                "local_gateway_id": "",
                "nat_gateway_id": "nat-0c2e17235cabc2650",
                "network_interface_id": "",
                "transit_gateway_id": "",
                "vpc_endpoint_id": "",
                "vpc_peering_connection_id": ""
              }
            ],
            "tags": {
              "Name": "dev-general-vpc-private"
            },
            "tags_all": {
              "Name": "dev-general-vpc-private"
            },
            "timeouts": null,
            "vpc_id": "vpc-0a2ed6356b073bc22"
          },
          "sensitive_attributes": [],
          "private": "eyJlMmJmYjczMC1lY2FhLTExZTYtOGY4OC0zNDM2M2JjN2M0YzAiOnsiY3JlYXRlIjozMDAwMDAwMDAwMDAsImRlbGV0ZSI6MzAwMDAwMDAwMDAwLCJ1cGRhdGUiOjEyMDAwMDAwMDAwMH19",
          "dependencies": [
            "module.dev-general-vpc.aws_vpc.this",
            "module.dev-general-vpc.aws_vpc_ipv4_cidr_block_association.this"
          ]
        }
      ]
    },
    {
      "module": "module.dev-general-vpc",
      "mode": "managed",
      "type": "aws_route_table",
      "name": "public",
      "provider": "provider[\"registry.terraform.io/hashicorp/aws\"]",
      "instances": [
        {
          "index_key": 0,
          "schema_version": 0,
          "attributes": {
            "arn": "arn:aws:ec2:us-west-2:899922192574:route-table/rtb-09ab34fe2d1ffd6bf",
            "id": "rtb-09ab34fe2d1ffd6bf",
            "owner_id": "899922192574",
            "propagating_vgws": [],
            "route": [
              {
                "carrier_gateway_id": "",
                "cidr_block": "0.0.0.0/0",
                "destination_prefix_list_id": "",
                "egress_only_gateway_id": "",
                "gateway_id": "igw-02083464a12308b26",
                "instance_id": "",
                "ipv6_cidr_block": "",
                "local_gateway_id": "",
                "nat_gateway_id": "",
                "network_interface_id": "",
                "transit_gateway_id": "",
                "vpc_endpoint_id": "",
                "vpc_peering_connection_id": ""
              }
            ],
            "tags": {
              "Name": "dev-general-vpc-public"
            },
            "tags_all": {
              "Name": "dev-general-vpc-public"
            },
            "timeouts": null,
            "vpc_id": "vpc-0a2ed6356b073bc22"
          },
          "sensitive_attributes": [],
          "private": "eyJlMmJmYjczMC1lY2FhLTExZTYtOGY4OC0zNDM2M2JjN2M0YzAiOnsiY3JlYXRlIjozMDAwMDAwMDAwMDAsImRlbGV0ZSI6MzAwMDAwMDAwMDAwLCJ1cGRhdGUiOjEyMDAwMDAwMDAwMH19",
          "dependencies": [
            "module.dev-general-vpc.aws_vpc.this",
            "module.dev-general-vpc.aws_vpc_ipv4_cidr_block_association.this"
          ]
        }
      ]
    },
    {
      "module": "module.dev-general-vpc",
      "mode": "managed",
      "type": "aws_route_table_association",
      "name": "private",
      "provider": "provider[\"registry.terraform.io/hashicorp/aws\"]",
      "instances": [
        {
          "index_key": 0,
          "schema_version": 0,
          "attributes": {
            "gateway_id": "",
            "id": "rtbassoc-08fd2f4e4bc9fdf9d",
            "route_table_id": "rtb-0b3a5602b9a88380e",
            "subnet_id": "subnet-0daf63ae466c15d97"
          },
          "sensitive_attributes": [],
          "private": "bnVsbA==",
          "dependencies": [
            "module.dev-general-vpc.aws_route_table.private",
            "module.dev-general-vpc.aws_subnet.private",
            "module.dev-general-vpc.aws_vpc.this",
            "module.dev-general-vpc.aws_vpc_ipv4_cidr_block_association.this"
          ]
        },
        {
          "index_key": 1,
          "schema_version": 0,
          "attributes": {
            "gateway_id": "",
            "id": "rtbassoc-09733fc20ed2bc4e8",
            "route_table_id": "rtb-0b3a5602b9a88380e",
            "subnet_id": "subnet-0f89120310d0633ed"
          },
          "sensitive_attributes": [],
          "private": "bnVsbA==",
          "dependencies": [
            "module.dev-general-vpc.aws_route_table.private",
            "module.dev-general-vpc.aws_subnet.private",
            "module.dev-general-vpc.aws_vpc.this",
            "module.dev-general-vpc.aws_vpc_ipv4_cidr_block_association.this"
          ]
        }
      ]
    },
    {
      "module": "module.dev-general-vpc",
      "mode": "managed",
      "type": "aws_route_table_association",
      "name": "public",
      "provider": "provider[\"registry.terraform.io/hashicorp/aws\"]",
      "instances": [
        {
          "index_key": 0,
          "schema_version": 0,
          "attributes": {
            "gateway_id": "",
            "id": "rtbassoc-09cce5060e53b0611",
            "route_table_id": "rtb-09ab34fe2d1ffd6bf",
            "subnet_id": "subnet-0956881a7a03db7db"
          },
          "sensitive_attributes": [],
          "private": "bnVsbA==",
          "dependencies": [
            "module.dev-general-vpc.aws_route_table.public",
            "module.dev-general-vpc.aws_subnet.public",
            "module.dev-general-vpc.aws_vpc.this",
            "module.dev-general-vpc.aws_vpc_ipv4_cidr_block_association.this"
          ]
        },
        {
          "index_key": 1,
          "schema_version": 0,
          "attributes": {
            "gateway_id": "",
            "id": "rtbassoc-0726266a4533efa14",
            "route_table_id": "rtb-09ab34fe2d1ffd6bf",
            "subnet_id": "subnet-0bd058516ae4dbe7c"
          },
          "sensitive_attributes": [],
          "private": "bnVsbA==",
          "dependencies": [
            "module.dev-general-vpc.aws_route_table.public",
            "module.dev-general-vpc.aws_subnet.public",
            "module.dev-general-vpc.aws_vpc.this",
            "module.dev-general-vpc.aws_vpc_ipv4_cidr_block_association.this"
          ]
        }
      ]
    },
    {
      "module": "module.dev-general-vpc",
      "mode": "managed",
      "type": "aws_subnet",
      "name": "private",
      "provider": "provider[\"registry.terraform.io/hashicorp/aws\"]",
      "instances": [
        {
          "index_key": 0,
          "schema_version": 1,
          "attributes": {
            "arn": "arn:aws:ec2:us-west-2:899922192574:subnet/subnet-0daf63ae466c15d97",
            "assign_ipv6_address_on_creation": false,
            "availability_zone": "us-west-2a",
            "availability_zone_id": "usw2-az1",
            "cidr_block": "192.168.10.0/27",
            "customer_owned_ipv4_pool": "",
            "enable_dns64": false,
            "enable_resource_name_dns_a_record_on_launch": false,
            "enable_resource_name_dns_aaaa_record_on_launch": false,
            "id": "subnet-0daf63ae466c15d97",
            "ipv6_cidr_block": "",
            "ipv6_cidr_block_association_id": "",
            "ipv6_native": false,
            "map_customer_owned_ip_on_launch": false,
            "map_public_ip_on_launch": false,
            "outpost_arn": "",
            "owner_id": "899922192574",
            "private_dns_hostname_type_on_launch": "ip-name",
            "tags": {
              "Name": "dev-general-vpc-private-us-west-2a",
              "environment": "dev",
              "owners": "terraform-ci"
            },
            "tags_all": {
              "Name": "dev-general-vpc-private-us-west-2a",
              "environment": "dev",
              "owners": "terraform-ci"
            },
            "timeouts": null,
            "vpc_id": "vpc-0a2ed6356b073bc22"
          },
          "sensitive_attributes": [],
          "private": "eyJlMmJmYjczMC1lY2FhLTExZTYtOGY4OC0zNDM2M2JjN2M0YzAiOnsiY3JlYXRlIjo2MDAwMDAwMDAwMDAsImRlbGV0ZSI6MTIwMDAwMDAwMDAwMH0sInNjaGVtYV92ZXJzaW9uIjoiMSJ9",
          "dependencies": [
            "module.dev-general-vpc.aws_vpc.this",
            "module.dev-general-vpc.aws_vpc_ipv4_cidr_block_association.this"
          ]
        },
        {
          "index_key": 1,
          "schema_version": 1,
          "attributes": {
            "arn": "arn:aws:ec2:us-west-2:899922192574:subnet/subnet-0f89120310d0633ed",
            "assign_ipv6_address_on_creation": false,
            "availability_zone": "us-west-2b",
            "availability_zone_id": "usw2-az2",
            "cidr_block": "192.168.11.0/27",
            "customer_owned_ipv4_pool": "",
            "enable_dns64": false,
            "enable_resource_name_dns_a_record_on_launch": false,
            "enable_resource_name_dns_aaaa_record_on_launch": false,
            "id": "subnet-0f89120310d0633ed",
            "ipv6_cidr_block": "",
            "ipv6_cidr_block_association_id": "",
            "ipv6_native": false,
            "map_customer_owned_ip_on_launch": false,
            "map_public_ip_on_launch": false,
            "outpost_arn": "",
            "owner_id": "899922192574",
            "private_dns_hostname_type_on_launch": "ip-name",
            "tags": {
              "Name": "dev-general-vpc-private-us-west-2b",
              "environment": "dev",
              "owners": "terraform-ci"
            },
            "tags_all": {
              "Name": "dev-general-vpc-private-us-west-2b",
              "environment": "dev",
              "owners": "terraform-ci"
            },
            "timeouts": null,
            "vpc_id": "vpc-0a2ed6356b073bc22"
          },
          "sensitive_attributes": [],
          "private": "eyJlMmJmYjczMC1lY2FhLTExZTYtOGY4OC0zNDM2M2JjN2M0YzAiOnsiY3JlYXRlIjo2MDAwMDAwMDAwMDAsImRlbGV0ZSI6MTIwMDAwMDAwMDAwMH0sInNjaGVtYV92ZXJzaW9uIjoiMSJ9",
          "dependencies": [
            "module.dev-general-vpc.aws_vpc.this",
            "module.dev-general-vpc.aws_vpc_ipv4_cidr_block_association.this"
          ]
        }
      ]
    },
    {
      "module": "module.dev-general-vpc",
      "mode": "managed",
      "type": "aws_subnet",
      "name": "public",
      "provider": "provider[\"registry.terraform.io/hashicorp/aws\"]",
      "instances": [
        {
          "index_key": 0,
          "schema_version": 1,
          "attributes": {
            "arn": "arn:aws:ec2:us-west-2:899922192574:subnet/subnet-0956881a7a03db7db",
            "assign_ipv6_address_on_creation": false,
            "availability_zone": "us-west-2a",
            "availability_zone_id": "usw2-az1",
            "cidr_block": "192.168.12.0/27",
            "customer_owned_ipv4_pool": "",
            "enable_dns64": false,
            "enable_resource_name_dns_a_record_on_launch": false,
            "enable_resource_name_dns_aaaa_record_on_launch": false,
            "id": "subnet-0956881a7a03db7db",
            "ipv6_cidr_block": "",
            "ipv6_cidr_block_association_id": "",
            "ipv6_native": false,
            "map_customer_owned_ip_on_launch": false,
            "map_public_ip_on_launch": true,
            "outpost_arn": "",
            "owner_id": "899922192574",
            "private_dns_hostname_type_on_launch": "ip-name",
            "tags": {
              "Name": "dev-general-vpc-public-us-west-2a",
              "environment": "dev",
              "owners": "terraform-ci"
            },
            "tags_all": {
              "Name": "dev-general-vpc-public-us-west-2a",
              "environment": "dev",
              "owners": "terraform-ci"
            },
            "timeouts": null,
            "vpc_id": "vpc-0a2ed6356b073bc22"
          },
          "sensitive_attributes": [],
          "private": "eyJlMmJmYjczMC1lY2FhLTExZTYtOGY4OC0zNDM2M2JjN2M0YzAiOnsiY3JlYXRlIjo2MDAwMDAwMDAwMDAsImRlbGV0ZSI6MTIwMDAwMDAwMDAwMH0sInNjaGVtYV92ZXJzaW9uIjoiMSJ9",
          "dependencies": [
            "module.dev-general-vpc.aws_vpc.this",
            "module.dev-general-vpc.aws_vpc_ipv4_cidr_block_association.this"
          ]
        },
        {
          "index_key": 1,
          "schema_version": 1,
          "attributes": {
            "arn": "arn:aws:ec2:us-west-2:899922192574:subnet/subnet-0bd058516ae4dbe7c",
            "assign_ipv6_address_on_creation": false,
            "availability_zone": "us-west-2b",
            "availability_zone_id": "usw2-az2",
            "cidr_block": "192.168.13.0/27",
            "customer_owned_ipv4_pool": "",
            "enable_dns64": false,
            "enable_resource_name_dns_a_record_on_launch": false,
            "enable_resource_name_dns_aaaa_record_on_launch": false,
            "id": "subnet-0bd058516ae4dbe7c",
            "ipv6_cidr_block": "",
            "ipv6_cidr_block_association_id": "",
            "ipv6_native": false,
            "map_customer_owned_ip_on_launch": false,
            "map_public_ip_on_launch": true,
            "outpost_arn": "",
            "owner_id": "899922192574",
            "private_dns_hostname_type_on_launch": "ip-name",
            "tags": {
              "Name": "dev-general-vpc-public-us-west-2b",
              "environment": "dev",
              "owners": "terraform-ci"
            },
            "tags_all": {
              "Name": "dev-general-vpc-public-us-west-2b",
              "environment": "dev",
              "owners": "terraform-ci"
            },
            "timeouts": null,
            "vpc_id": "vpc-0a2ed6356b073bc22"
          },
          "sensitive_attributes": [],
          "private": "eyJlMmJmYjczMC1lY2FhLTExZTYtOGY4OC0zNDM2M2JjN2M0YzAiOnsiY3JlYXRlIjo2MDAwMDAwMDAwMDAsImRlbGV0ZSI6MTIwMDAwMDAwMDAwMH0sInNjaGVtYV92ZXJzaW9uIjoiMSJ9",
          "dependencies": [
            "module.dev-general-vpc.aws_vpc.this",
            "module.dev-general-vpc.aws_vpc_ipv4_cidr_block_association.this"
          ]
        }
      ]
    },
    {
      "module": "module.dev-general-vpc",
      "mode": "managed",
      "type": "aws_vpc",
      "name": "this",
      "provider": "provider[\"registry.terraform.io/hashicorp/aws\"]",
      "instances": [
        {
          "index_key": 0,
          "schema_version": 1,
          "attributes": {
            "arn": "arn:aws:ec2:us-west-2:899922192574:vpc/vpc-0a2ed6356b073bc22",
            "assign_generated_ipv6_cidr_block": false,
            "cidr_block": "192.168.8.0/21",
            "default_network_acl_id": "acl-0f2c9e3d1bddcef4f",
            "default_route_table_id": "rtb-0d4614625ed086e92",
            "default_security_group_id": "sg-02b44b478482f04b6",
            "dhcp_options_id": "dopt-3f8b5347",
            "enable_classiclink": false,
            "enable_classiclink_dns_support": false,
            "enable_dns_hostnames": true,
            "enable_dns_support": true,
            "id": "vpc-0a2ed6356b073bc22",
            "instance_tenancy": "default",
            "ipv4_ipam_pool_id": null,
            "ipv4_netmask_length": null,
            "ipv6_association_id": "",
            "ipv6_cidr_block": "",
            "ipv6_cidr_block_network_border_group": "",
            "ipv6_ipam_pool_id": "",
            "ipv6_netmask_length": 0,
            "main_route_table_id": "rtb-0d4614625ed086e92",
            "owner_id": "899922192574",
            "tags": {
              "Name": "vpc-general-dev"
            },
            "tags_all": {
              "Name": "vpc-general-dev"
            }
          },
          "sensitive_attributes": [],
          "private": "eyJzY2hlbWFfdmVyc2lvbiI6IjEifQ=="
        }
      ]
    },
    {
      "module": "module.dev-general-vpc",
      "mode": "managed",
      "type": "aws_vpn_gateway",
      "name": "this",
      "provider": "provider[\"registry.terraform.io/hashicorp/aws\"]",
      "instances": [
        {
          "index_key": 0,
          "schema_version": 0,
          "attributes": {
            "amazon_side_asn": "64512",
            "arn": "arn:aws:ec2:us-west-2:899922192574:vpn-gateway/vgw-0f77fbb74b868bdb9",
            "availability_zone": null,
            "id": "vgw-0f77fbb74b868bdb9",
            "tags": {
              "Name": "dev-general-vpc"
            },
            "tags_all": {
              "Name": "dev-general-vpc"
            },
            "vpc_id": "vpc-0a2ed6356b073bc22"
          },
          "sensitive_attributes": [],
          "private": "bnVsbA==",
          "dependencies": [
            "module.dev-general-vpc.aws_vpc.this",
            "module.dev-general-vpc.aws_vpc_ipv4_cidr_block_association.this"
          ]
        }
      ]
    },
    {
      "module": "module.dev-secure_vpc",
      "mode": "managed",
      "type": "aws_eip",
      "name": "nat",
      "provider": "provider[\"registry.terraform.io/hashicorp/aws\"]",
      "instances": [
        {
          "index_key": 0,
          "schema_version": 0,
          "attributes": {
            "address": null,
            "allocation_id": "eipalloc-08f12e8f032308296",
            "associate_with_private_ip": null,
            "association_id": "eipassoc-050aab21df9bec353",
            "carrier_ip": "",
            "customer_owned_ip": "",
            "customer_owned_ipv4_pool": "",
            "domain": "vpc",
            "id": "eipalloc-08f12e8f032308296",
            "instance": "",
            "network_border_group": "us-west-2",
            "network_interface": "eni-045fb22fa702ea547",
            "private_dns": "ip-192-168-4-56.us-west-2.compute.internal",
            "private_ip": "192.168.4.56",
            "public_dns": "ec2-35-165-3-48.us-west-2.compute.amazonaws.com",
            "public_ip": "35.165.3.48",
            "public_ipv4_pool": "amazon",
            "tags": {
              "Name": "dev-secure-vpc-us-west-2a"
            },
            "tags_all": {
              "Name": "dev-secure-vpc-us-west-2a"
            },
            "timeouts": null,
            "vpc": true
          },
          "sensitive_attributes": [],
          "private": "eyJlMmJmYjczMC1lY2FhLTExZTYtOGY4OC0zNDM2M2JjN2M0YzAiOnsiZGVsZXRlIjoxODAwMDAwMDAwMDAsInJlYWQiOjkwMDAwMDAwMDAwMCwidXBkYXRlIjozMDAwMDAwMDAwMDB9fQ==",
          "create_before_destroy": true
        }
      ]
    },
    {
      "module": "module.dev-secure_vpc",
      "mode": "managed",
      "type": "aws_internet_gateway",
      "name": "this",
      "provider": "provider[\"registry.terraform.io/hashicorp/aws\"]",
      "instances": [
        {
          "index_key": 0,
          "schema_version": 0,
          "attributes": {
            "arn": "arn:aws:ec2:us-west-2:899922192574:internet-gateway/igw-055078646eb136dc2",
            "id": "igw-055078646eb136dc2",
            "owner_id": "899922192574",
            "tags": {
              "Name": "dev-secure-vpc"
            },
            "tags_all": {
              "Name": "dev-secure-vpc"
            },
            "vpc_id": "vpc-04a3d4581c5396352"
          },
          "sensitive_attributes": [],
          "private": "bnVsbA==",
          "dependencies": [
            "module.dev-secure_vpc.aws_vpc.this",
            "module.dev-secure_vpc.aws_vpc_ipv4_cidr_block_association.this"
          ],
          "create_before_destroy": true
        }
      ]
    },
    {
      "module": "module.dev-secure_vpc",
      "mode": "managed",
      "type": "aws_nat_gateway",
      "name": "this",
      "provider": "provider[\"registry.terraform.io/hashicorp/aws\"]",
      "instances": [
        {
          "index_key": 0,
          "schema_version": 0,
          "attributes": {
            "allocation_id": "eipalloc-08f12e8f032308296",
            "connectivity_type": "public",
            "id": "nat-061d6794dfb5aa85a",
            "network_interface_id": "eni-045fb22fa702ea547",
            "private_ip": "192.168.4.56",
            "public_ip": "35.165.3.48",
            "subnet_id": "subnet-0a41723757ed0ed40",
            "tags": {
              "Name": "dev-secure-vpc-us-west-2a"
            },
            "tags_all": {
              "Name": "dev-secure-vpc-us-west-2a"
            }
          },
          "sensitive_attributes": [],
          "private": "bnVsbA==",
          "dependencies": [
            "module.dev-secure_vpc.aws_eip.nat",
            "module.dev-secure_vpc.aws_internet_gateway.this",
            "module.dev-secure_vpc.aws_subnet.public",
            "module.dev-secure_vpc.aws_vpc.this",
            "module.dev-secure_vpc.aws_vpc_ipv4_cidr_block_association.this"
          ],
          "create_before_destroy": true
        }
      ]
    },
    {
      "module": "module.dev-secure_vpc",
      "mode": "managed",
      "type": "aws_route",
      "name": "private_nat_gateway",
      "provider": "provider[\"registry.terraform.io/hashicorp/aws\"]",
      "instances": [
        {
          "index_key": 0,
          "schema_version": 0,
          "attributes": {
            "carrier_gateway_id": "",
            "destination_cidr_block": "0.0.0.0/0",
            "destination_ipv6_cidr_block": "",
            "destination_prefix_list_id": "",
            "egress_only_gateway_id": "",
            "gateway_id": "",
            "id": "r-rtb-0909ac98d266690521080289494",
            "instance_id": "",
            "instance_owner_id": "",
            "local_gateway_id": "",
            "nat_gateway_id": "nat-061d6794dfb5aa85a",
            "network_interface_id": "",
            "origin": "CreateRoute",
            "route_table_id": "rtb-0909ac98d26669052",
            "state": "active",
            "timeouts": {
              "create": "5m",
              "delete": null,
              "update": null
            },
            "transit_gateway_id": "",
            "vpc_endpoint_id": "",
            "vpc_peering_connection_id": ""
          },
          "sensitive_attributes": [],
          "private": "eyJlMmJmYjczMC1lY2FhLTExZTYtOGY4OC0zNDM2M2JjN2M0YzAiOnsiY3JlYXRlIjozMDAwMDAwMDAwMDAsImRlbGV0ZSI6MzAwMDAwMDAwMDAwLCJ1cGRhdGUiOjEyMDAwMDAwMDAwMH19",
          "dependencies": [
            "module.dev-secure_vpc.aws_eip.nat",
            "module.dev-secure_vpc.aws_internet_gateway.this",
            "module.dev-secure_vpc.aws_nat_gateway.this",
            "module.dev-secure_vpc.aws_route_table.private",
            "module.dev-secure_vpc.aws_subnet.public",
            "module.dev-secure_vpc.aws_vpc.this",
            "module.dev-secure_vpc.aws_vpc_ipv4_cidr_block_association.this"
          ],
          "create_before_destroy": true
        }
      ]
    },
    {
      "module": "module.dev-secure_vpc",
      "mode": "managed",
      "type": "aws_route",
      "name": "public_internet_gateway",
      "provider": "provider[\"registry.terraform.io/hashicorp/aws\"]",
      "instances": [
        {
          "index_key": 0,
          "schema_version": 0,
          "attributes": {
            "carrier_gateway_id": "",
            "destination_cidr_block": "0.0.0.0/0",
            "destination_ipv6_cidr_block": "",
            "destination_prefix_list_id": "",
            "egress_only_gateway_id": "",
            "gateway_id": "igw-055078646eb136dc2",
            "id": "r-rtb-0be658f6ab33d37fe1080289494",
            "instance_id": "",
            "instance_owner_id": "",
            "local_gateway_id": "",
            "nat_gateway_id": "",
            "network_interface_id": "",
            "origin": "CreateRoute",
            "route_table_id": "rtb-0be658f6ab33d37fe",
            "state": "active",
            "timeouts": {
              "create": "5m",
              "delete": null,
              "update": null
            },
            "transit_gateway_id": "",
            "vpc_endpoint_id": "",
            "vpc_peering_connection_id": ""
          },
          "sensitive_attributes": [],
          "private": "eyJlMmJmYjczMC1lY2FhLTExZTYtOGY4OC0zNDM2M2JjN2M0YzAiOnsiY3JlYXRlIjozMDAwMDAwMDAwMDAsImRlbGV0ZSI6MzAwMDAwMDAwMDAwLCJ1cGRhdGUiOjEyMDAwMDAwMDAwMH19",
          "dependencies": [
            "module.dev-secure_vpc.aws_internet_gateway.this",
            "module.dev-secure_vpc.aws_route_table.public",
            "module.dev-secure_vpc.aws_vpc.this",
            "module.dev-secure_vpc.aws_vpc_ipv4_cidr_block_association.this"
          ],
          "create_before_destroy": true
        }
      ]
    },
    {
      "module": "module.dev-secure_vpc",
      "mode": "managed",
      "type": "aws_route_table",
      "name": "private",
      "provider": "provider[\"registry.terraform.io/hashicorp/aws\"]",
      "instances": [
        {
          "index_key": 0,
          "schema_version": 0,
          "attributes": {
            "arn": "arn:aws:ec2:us-west-2:899922192574:route-table/rtb-0909ac98d26669052",
            "id": "rtb-0909ac98d26669052",
            "owner_id": "899922192574",
            "propagating_vgws": [],
            "route": [
              {
                "carrier_gateway_id": "",
                "cidr_block": "0.0.0.0/0",
                "destination_prefix_list_id": "",
                "egress_only_gateway_id": "",
                "gateway_id": "",
                "instance_id": "",
                "ipv6_cidr_block": "",
                "local_gateway_id": "",
                "nat_gateway_id": "nat-061d6794dfb5aa85a",
                "network_interface_id": "",
                "transit_gateway_id": "",
                "vpc_endpoint_id": "",
                "vpc_peering_connection_id": ""
              }
            ],
            "tags": {
              "Name": "dev-secure-vpc-private"
            },
            "tags_all": {
              "Name": "dev-secure-vpc-private"
            },
            "timeouts": null,
            "vpc_id": "vpc-04a3d4581c5396352"
          },
          "sensitive_attributes": [],
          "private": "eyJlMmJmYjczMC1lY2FhLTExZTYtOGY4OC0zNDM2M2JjN2M0YzAiOnsiY3JlYXRlIjozMDAwMDAwMDAwMDAsImRlbGV0ZSI6MzAwMDAwMDAwMDAwLCJ1cGRhdGUiOjEyMDAwMDAwMDAwMH19",
          "dependencies": [
            "module.dev-secure_vpc.aws_vpc.this",
            "module.dev-secure_vpc.aws_vpc_ipv4_cidr_block_association.this"
          ],
          "create_before_destroy": true
        }
      ]
    },
    {
      "module": "module.dev-secure_vpc",
      "mode": "managed",
      "type": "aws_route_table",
      "name": "public",
      "provider": "provider[\"registry.terraform.io/hashicorp/aws\"]",
      "instances": [
        {
          "index_key": 0,
          "schema_version": 0,
          "attributes": {
            "arn": "arn:aws:ec2:us-west-2:899922192574:route-table/rtb-0be658f6ab33d37fe",
            "id": "rtb-0be658f6ab33d37fe",
            "owner_id": "899922192574",
            "propagating_vgws": [],
            "route": [
              {
                "carrier_gateway_id": "",
                "cidr_block": "0.0.0.0/0",
                "destination_prefix_list_id": "",
                "egress_only_gateway_id": "",
                "gateway_id": "igw-055078646eb136dc2",
                "instance_id": "",
                "ipv6_cidr_block": "",
                "local_gateway_id": "",
                "nat_gateway_id": "",
                "network_interface_id": "",
                "transit_gateway_id": "",
                "vpc_endpoint_id": "",
                "vpc_peering_connection_id": ""
              }
            ],
            "tags": {
              "Name": "dev-secure-vpc-public"
            },
            "tags_all": {
              "Name": "dev-secure-vpc-public"
            },
            "timeouts": null,
            "vpc_id": "vpc-04a3d4581c5396352"
          },
          "sensitive_attributes": [],
          "private": "eyJlMmJmYjczMC1lY2FhLTExZTYtOGY4OC0zNDM2M2JjN2M0YzAiOnsiY3JlYXRlIjozMDAwMDAwMDAwMDAsImRlbGV0ZSI6MzAwMDAwMDAwMDAwLCJ1cGRhdGUiOjEyMDAwMDAwMDAwMH19",
          "dependencies": [
            "module.dev-secure_vpc.aws_vpc.this",
            "module.dev-secure_vpc.aws_vpc_ipv4_cidr_block_association.this"
          ],
          "create_before_destroy": true
        }
      ]
    },
    {
      "module": "module.dev-secure_vpc",
      "mode": "managed",
      "type": "aws_route_table_association",
      "name": "private",
      "provider": "provider[\"registry.terraform.io/hashicorp/aws\"]",
      "instances": [
        {
          "index_key": 0,
          "schema_version": 0,
          "attributes": {
            "gateway_id": "",
            "id": "rtbassoc-0c3987b4552d3db89",
            "route_table_id": "rtb-0909ac98d26669052",
            "subnet_id": "subnet-05d3099c2bb6e0be3"
          },
          "sensitive_attributes": [],
          "private": "bnVsbA==",
          "dependencies": [
            "module.dev-secure_vpc.aws_route_table.private",
            "module.dev-secure_vpc.aws_subnet.private",
            "module.dev-secure_vpc.aws_vpc.this",
            "module.dev-secure_vpc.aws_vpc_ipv4_cidr_block_association.this"
          ],
          "create_before_destroy": true
        },
        {
          "index_key": 1,
          "schema_version": 0,
          "attributes": {
            "gateway_id": "",
            "id": "rtbassoc-01cc027753a9cdb79",
            "route_table_id": "rtb-0909ac98d26669052",
            "subnet_id": "subnet-045b2ecdae9f24a94"
          },
          "sensitive_attributes": [],
          "private": "bnVsbA==",
          "dependencies": [
            "module.dev-secure_vpc.aws_route_table.private",
            "module.dev-secure_vpc.aws_subnet.private",
            "module.dev-secure_vpc.aws_vpc.this",
            "module.dev-secure_vpc.aws_vpc_ipv4_cidr_block_association.this"
          ],
          "create_before_destroy": true
        },
        {
          "index_key": 2,
          "schema_version": 0,
          "attributes": {
            "gateway_id": "",
            "id": "rtbassoc-07145a7d824610d60",
            "route_table_id": "rtb-0909ac98d26669052",
            "subnet_id": "subnet-07dd105ca2f923d96"
          },
          "sensitive_attributes": [],
          "private": "bnVsbA==",
          "dependencies": [
            "module.dev-secure_vpc.aws_route_table.private",
            "module.dev-secure_vpc.aws_subnet.private",
            "module.dev-secure_vpc.aws_vpc.this",
            "module.dev-secure_vpc.aws_vpc_ipv4_cidr_block_association.this"
          ],
          "create_before_destroy": true
        }
      ]
    },
    {
      "module": "module.dev-secure_vpc",
      "mode": "managed",
      "type": "aws_route_table_association",
      "name": "public",
      "provider": "provider[\"registry.terraform.io/hashicorp/aws\"]",
      "instances": [
        {
          "index_key": 0,
          "schema_version": 0,
          "attributes": {
            "gateway_id": "",
            "id": "rtbassoc-0676b58ec6b4aa515",
            "route_table_id": "rtb-0be658f6ab33d37fe",
            "subnet_id": "subnet-0a41723757ed0ed40"
          },
          "sensitive_attributes": [],
          "private": "bnVsbA==",
          "dependencies": [
            "module.dev-secure_vpc.aws_route_table.public",
            "module.dev-secure_vpc.aws_subnet.public",
            "module.dev-secure_vpc.aws_vpc.this",
            "module.dev-secure_vpc.aws_vpc_ipv4_cidr_block_association.this"
          ],
          "create_before_destroy": true
        },
        {
          "index_key": 1,
          "schema_version": 0,
          "attributes": {
            "gateway_id": "",
            "id": "rtbassoc-02dfb31ded9442027",
            "route_table_id": "rtb-0be658f6ab33d37fe",
            "subnet_id": "subnet-06812c61f74618f84"
          },
          "sensitive_attributes": [],
          "private": "bnVsbA==",
          "dependencies": [
            "module.dev-secure_vpc.aws_route_table.public",
            "module.dev-secure_vpc.aws_subnet.public",
            "module.dev-secure_vpc.aws_vpc.this",
            "module.dev-secure_vpc.aws_vpc_ipv4_cidr_block_association.this"
          ],
          "create_before_destroy": true
        },
        {
          "index_key": 2,
          "schema_version": 0,
          "attributes": {
            "gateway_id": "",
            "id": "rtbassoc-078d92fe1fa7fe85c",
            "route_table_id": "rtb-0be658f6ab33d37fe",
            "subnet_id": "subnet-035260eb24ba9a520"
          },
          "sensitive_attributes": [],
          "private": "bnVsbA==",
          "dependencies": [
            "module.dev-secure_vpc.aws_route_table.public",
            "module.dev-secure_vpc.aws_subnet.public",
            "module.dev-secure_vpc.aws_vpc.this",
            "module.dev-secure_vpc.aws_vpc_ipv4_cidr_block_association.this"
          ],
          "create_before_destroy": true
        }
      ]
    },
    {
      "module": "module.dev-secure_vpc",
      "mode": "managed",
      "type": "aws_subnet",
      "name": "private",
      "provider": "provider[\"registry.terraform.io/hashicorp/aws\"]",
      "instances": [
        {
          "index_key": 0,
          "schema_version": 1,
          "attributes": {
            "arn": "arn:aws:ec2:us-west-2:899922192574:subnet/subnet-05d3099c2bb6e0be3",
            "assign_ipv6_address_on_creation": false,
            "availability_zone": "us-west-2a",
            "availability_zone_id": "usw2-az1",
            "cidr_block": "192.168.1.0/24",
            "customer_owned_ipv4_pool": "",
            "enable_dns64": false,
            "enable_resource_name_dns_a_record_on_launch": false,
            "enable_resource_name_dns_aaaa_record_on_launch": false,
            "id": "subnet-05d3099c2bb6e0be3",
            "ipv6_cidr_block": "",
            "ipv6_cidr_block_association_id": "",
            "ipv6_native": false,
            "map_customer_owned_ip_on_launch": false,
            "map_public_ip_on_launch": false,
            "outpost_arn": "",
            "owner_id": "899922192574",
            "private_dns_hostname_type_on_launch": "ip-name",
            "tags": {
              "Name": "dev-secure-vpc-private-us-west-2a",
              "environment": "dev",
              "owners": "terraform-ci"
            },
            "tags_all": {
              "Name": "dev-secure-vpc-private-us-west-2a",
              "environment": "dev",
              "owners": "terraform-ci"
            },
            "timeouts": null,
            "vpc_id": "vpc-04a3d4581c5396352"
          },
          "sensitive_attributes": [],
          "private": "eyJlMmJmYjczMC1lY2FhLTExZTYtOGY4OC0zNDM2M2JjN2M0YzAiOnsiY3JlYXRlIjo2MDAwMDAwMDAwMDAsImRlbGV0ZSI6MTIwMDAwMDAwMDAwMH0sInNjaGVtYV92ZXJzaW9uIjoiMSJ9",
          "dependencies": [
            "module.dev-secure_vpc.aws_vpc.this",
            "module.dev-secure_vpc.aws_vpc_ipv4_cidr_block_association.this"
          ],
          "create_before_destroy": true
        },
        {
          "index_key": 1,
          "schema_version": 1,
          "attributes": {
            "arn": "arn:aws:ec2:us-west-2:899922192574:subnet/subnet-045b2ecdae9f24a94",
            "assign_ipv6_address_on_creation": false,
            "availability_zone": "us-west-2b",
            "availability_zone_id": "usw2-az2",
            "cidr_block": "192.168.2.0/24",
            "customer_owned_ipv4_pool": "",
            "enable_dns64": false,
            "enable_resource_name_dns_a_record_on_launch": false,
            "enable_resource_name_dns_aaaa_record_on_launch": false,
            "id": "subnet-045b2ecdae9f24a94",
            "ipv6_cidr_block": "",
            "ipv6_cidr_block_association_id": "",
            "ipv6_native": false,
            "map_customer_owned_ip_on_launch": false,
            "map_public_ip_on_launch": false,
            "outpost_arn": "",
            "owner_id": "899922192574",
            "private_dns_hostname_type_on_launch": "ip-name",
            "tags": {
              "Name": "dev-secure-vpc-private-us-west-2b",
              "environment": "dev",
              "owners": "terraform-ci"
            },
            "tags_all": {
              "Name": "dev-secure-vpc-private-us-west-2b",
              "environment": "dev",
              "owners": "terraform-ci"
            },
            "timeouts": null,
            "vpc_id": "vpc-04a3d4581c5396352"
          },
          "sensitive_attributes": [],
          "private": "eyJlMmJmYjczMC1lY2FhLTExZTYtOGY4OC0zNDM2M2JjN2M0YzAiOnsiY3JlYXRlIjo2MDAwMDAwMDAwMDAsImRlbGV0ZSI6MTIwMDAwMDAwMDAwMH0sInNjaGVtYV92ZXJzaW9uIjoiMSJ9",
          "dependencies": [
            "module.dev-secure_vpc.aws_vpc.this",
            "module.dev-secure_vpc.aws_vpc_ipv4_cidr_block_association.this"
          ],
          "create_before_destroy": true
        },
        {
          "index_key": 2,
          "schema_version": 1,
          "attributes": {
            "arn": "arn:aws:ec2:us-west-2:899922192574:subnet/subnet-07dd105ca2f923d96",
            "assign_ipv6_address_on_creation": false,
            "availability_zone": "us-west-2c",
            "availability_zone_id": "usw2-az3",
            "cidr_block": "192.168.3.0/24",
            "customer_owned_ipv4_pool": "",
            "enable_dns64": false,
            "enable_resource_name_dns_a_record_on_launch": false,
            "enable_resource_name_dns_aaaa_record_on_launch": false,
            "id": "subnet-07dd105ca2f923d96",
            "ipv6_cidr_block": "",
            "ipv6_cidr_block_association_id": "",
            "ipv6_native": false,
            "map_customer_owned_ip_on_launch": false,
            "map_public_ip_on_launch": false,
            "outpost_arn": "",
            "owner_id": "899922192574",
            "private_dns_hostname_type_on_launch": "ip-name",
            "tags": {
              "Name": "dev-secure-vpc-private-us-west-2c",
              "environment": "dev",
              "owners": "terraform-ci"
            },
            "tags_all": {
              "Name": "dev-secure-vpc-private-us-west-2c",
              "environment": "dev",
              "owners": "terraform-ci"
            },
            "timeouts": null,
            "vpc_id": "vpc-04a3d4581c5396352"
          },
          "sensitive_attributes": [],
          "private": "eyJlMmJmYjczMC1lY2FhLTExZTYtOGY4OC0zNDM2M2JjN2M0YzAiOnsiY3JlYXRlIjo2MDAwMDAwMDAwMDAsImRlbGV0ZSI6MTIwMDAwMDAwMDAwMH0sInNjaGVtYV92ZXJzaW9uIjoiMSJ9",
          "dependencies": [
            "module.dev-secure_vpc.aws_vpc.this",
            "module.dev-secure_vpc.aws_vpc_ipv4_cidr_block_association.this"
          ],
          "create_before_destroy": true
        }
      ]
    },
    {
      "module": "module.dev-secure_vpc",
      "mode": "managed",
      "type": "aws_subnet",
      "name": "public",
      "provider": "provider[\"registry.terraform.io/hashicorp/aws\"]",
      "instances": [
        {
          "index_key": 0,
          "schema_version": 1,
          "attributes": {
            "arn": "arn:aws:ec2:us-west-2:899922192574:subnet/subnet-0a41723757ed0ed40",
            "assign_ipv6_address_on_creation": false,
            "availability_zone": "us-west-2a",
            "availability_zone_id": "usw2-az1",
            "cidr_block": "192.168.4.0/24",
            "customer_owned_ipv4_pool": "",
            "enable_dns64": false,
            "enable_resource_name_dns_a_record_on_launch": false,
            "enable_resource_name_dns_aaaa_record_on_launch": false,
            "id": "subnet-0a41723757ed0ed40",
            "ipv6_cidr_block": "",
            "ipv6_cidr_block_association_id": "",
            "ipv6_native": false,
            "map_customer_owned_ip_on_launch": false,
            "map_public_ip_on_launch": true,
            "outpost_arn": "",
            "owner_id": "899922192574",
            "private_dns_hostname_type_on_launch": "ip-name",
            "tags": {
              "Name": "dev-secure-vpc-public-us-west-2a",
              "environment": "dev",
              "owners": "terraform-ci"
            },
            "tags_all": {
              "Name": "dev-secure-vpc-public-us-west-2a",
              "environment": "dev",
              "owners": "terraform-ci"
            },
            "timeouts": null,
            "vpc_id": "vpc-04a3d4581c5396352"
          },
          "sensitive_attributes": [],
          "private": "eyJlMmJmYjczMC1lY2FhLTExZTYtOGY4OC0zNDM2M2JjN2M0YzAiOnsiY3JlYXRlIjo2MDAwMDAwMDAwMDAsImRlbGV0ZSI6MTIwMDAwMDAwMDAwMH0sInNjaGVtYV92ZXJzaW9uIjoiMSJ9",
          "dependencies": [
            "module.dev-secure_vpc.aws_vpc.this",
            "module.dev-secure_vpc.aws_vpc_ipv4_cidr_block_association.this"
          ],
          "create_before_destroy": true
        },
        {
          "index_key": 1,
          "schema_version": 1,
          "attributes": {
            "arn": "arn:aws:ec2:us-west-2:899922192574:subnet/subnet-06812c61f74618f84",
            "assign_ipv6_address_on_creation": false,
            "availability_zone": "us-west-2b",
            "availability_zone_id": "usw2-az2",
            "cidr_block": "192.168.5.0/24",
            "customer_owned_ipv4_pool": "",
            "enable_dns64": false,
            "enable_resource_name_dns_a_record_on_launch": false,
            "enable_resource_name_dns_aaaa_record_on_launch": false,
            "id": "subnet-06812c61f74618f84",
            "ipv6_cidr_block": "",
            "ipv6_cidr_block_association_id": "",
            "ipv6_native": false,
            "map_customer_owned_ip_on_launch": false,
            "map_public_ip_on_launch": true,
            "outpost_arn": "",
            "owner_id": "899922192574",
            "private_dns_hostname_type_on_launch": "ip-name",
            "tags": {
              "Name": "dev-secure-vpc-public-us-west-2b",
              "environment": "dev",
              "owners": "terraform-ci"
            },
            "tags_all": {
              "Name": "dev-secure-vpc-public-us-west-2b",
              "environment": "dev",
              "owners": "terraform-ci"
            },
            "timeouts": null,
            "vpc_id": "vpc-04a3d4581c5396352"
          },
          "sensitive_attributes": [],
          "private": "eyJlMmJmYjczMC1lY2FhLTExZTYtOGY4OC0zNDM2M2JjN2M0YzAiOnsiY3JlYXRlIjo2MDAwMDAwMDAwMDAsImRlbGV0ZSI6MTIwMDAwMDAwMDAwMH0sInNjaGVtYV92ZXJzaW9uIjoiMSJ9",
          "dependencies": [
            "module.dev-secure_vpc.aws_vpc.this",
            "module.dev-secure_vpc.aws_vpc_ipv4_cidr_block_association.this"
          ],
          "create_before_destroy": true
        },
        {
          "index_key": 2,
          "schema_version": 1,
          "attributes": {
            "arn": "arn:aws:ec2:us-west-2:899922192574:subnet/subnet-035260eb24ba9a520",
            "assign_ipv6_address_on_creation": false,
            "availability_zone": "us-west-2c",
            "availability_zone_id": "usw2-az3",
            "cidr_block": "192.168.6.0/24",
            "customer_owned_ipv4_pool": "",
            "enable_dns64": false,
            "enable_resource_name_dns_a_record_on_launch": false,
            "enable_resource_name_dns_aaaa_record_on_launch": false,
            "id": "subnet-035260eb24ba9a520",
            "ipv6_cidr_block": "",
            "ipv6_cidr_block_association_id": "",
            "ipv6_native": false,
            "map_customer_owned_ip_on_launch": false,
            "map_public_ip_on_launch": true,
            "outpost_arn": "",
            "owner_id": "899922192574",
            "private_dns_hostname_type_on_launch": "ip-name",
            "tags": {
              "Name": "dev-secure-vpc-public-us-west-2c",
              "environment": "dev",
              "owners": "terraform-ci"
            },
            "tags_all": {
              "Name": "dev-secure-vpc-public-us-west-2c",
              "environment": "dev",
              "owners": "terraform-ci"
            },
            "timeouts": null,
            "vpc_id": "vpc-04a3d4581c5396352"
          },
          "sensitive_attributes": [],
          "private": "eyJlMmJmYjczMC1lY2FhLTExZTYtOGY4OC0zNDM2M2JjN2M0YzAiOnsiY3JlYXRlIjo2MDAwMDAwMDAwMDAsImRlbGV0ZSI6MTIwMDAwMDAwMDAwMH0sInNjaGVtYV92ZXJzaW9uIjoiMSJ9",
          "dependencies": [
            "module.dev-secure_vpc.aws_vpc.this",
            "module.dev-secure_vpc.aws_vpc_ipv4_cidr_block_association.this"
          ],
          "create_before_destroy": true
        }
      ]
    },
    {
      "module": "module.dev-secure_vpc",
      "mode": "managed",
      "type": "aws_vpc",
      "name": "this",
      "provider": "provider[\"registry.terraform.io/hashicorp/aws\"]",
      "instances": [
        {
          "index_key": 0,
          "schema_version": 1,
          "attributes": {
            "arn": "arn:aws:ec2:us-west-2:899922192574:vpc/vpc-04a3d4581c5396352",
            "assign_generated_ipv6_cidr_block": false,
            "cidr_block": "192.168.0.0/21",
            "default_network_acl_id": "acl-05649d9b59ac4865e",
            "default_route_table_id": "rtb-0c2105f365b8cc5c9",
            "default_security_group_id": "sg-0d40f9b8bc7ba9b10",
            "dhcp_options_id": "dopt-3f8b5347",
            "enable_classiclink": false,
            "enable_classiclink_dns_support": false,
            "enable_dns_hostnames": true,
            "enable_dns_support": true,
            "id": "vpc-04a3d4581c5396352",
            "instance_tenancy": "default",
            "ipv4_ipam_pool_id": null,
            "ipv4_netmask_length": null,
            "ipv6_association_id": "",
            "ipv6_cidr_block": "",
            "ipv6_cidr_block_network_border_group": "",
            "ipv6_ipam_pool_id": "",
            "ipv6_netmask_length": 0,
            "main_route_table_id": "rtb-0c2105f365b8cc5c9",
            "owner_id": "899922192574",
            "tags": {
              "Name": "vpc-secure-dev"
            },
            "tags_all": {
              "Name": "vpc-secure-dev"
            }
          },
          "sensitive_attributes": [],
          "private": "eyJzY2hlbWFfdmVyc2lvbiI6IjEifQ==",
          "create_before_destroy": true
        }
      ]
    },
    {
      "module": "module.ec2_instance_api-svr",
      "mode": "managed",
      "type": "aws_instance",
      "name": "this",
      "provider": "provider[\"registry.terraform.io/hashicorp/aws\"]",
      "instances": [
        {
          "index_key": 0,
          "schema_version": 1,
          "attributes": {
            "ami": "ami-00656d51d312f0dee",
            "arn": "arn:aws:ec2:us-west-2:899922192574:instance/i-0cfdb9ef05063d2b0",
            "associate_public_ip_address": false,
            "availability_zone": "us-west-2a",
            "capacity_reservation_specification": [
              {
                "capacity_reservation_preference": "open",
                "capacity_reservation_target": []
              }
            ],
            "cpu_core_count": 1,
            "cpu_threads_per_core": 1,
            "credit_specification": [
              {
                "cpu_credits": "standard"
              }
            ],
            "disable_api_termination": false,
            "ebs_block_device": [],
            "ebs_optimized": false,
            "enclave_options": [
              {
                "enabled": false
              }
            ],
            "ephemeral_block_device": [],
            "get_password_data": false,
            "hibernation": false,
            "host_id": null,
            "iam_instance_profile": "",
            "id": "i-0cfdb9ef05063d2b0",
            "instance_initiated_shutdown_behavior": "stop",
            "instance_state": "running",
            "instance_type": "t2.micro",
            "ipv6_address_count": 0,
            "ipv6_addresses": [],
            "key_name": "tipton_staging_key",
            "launch_template": [],
            "metadata_options": [
              {
                "http_endpoint": "enabled",
                "http_put_response_hop_limit": 1,
                "http_tokens": "optional",
                "instance_metadata_tags": "disabled"
              }
            ],
            "monitoring": false,
            "network_interface": [],
            "outpost_arn": "",
            "password_data": "",
            "placement_group": "",
            "placement_partition_number": null,
            "primary_network_interface_id": "eni-0c04a3698ba2b0193",
            "private_dns": "ip-192-168-1-43.us-west-2.compute.internal",
            "private_ip": "192.168.1.43",
            "public_dns": "",
            "public_ip": "",
            "root_block_device": [
              {
                "delete_on_termination": false,
                "device_name": "/dev/xvda",
                "encrypted": true,
                "iops": 150,
                "kms_key_id": "arn:aws:kms:us-west-2:899922192574:key/37db33b7-0a2b-44a4-96ff-212352fc1019",
                "tags": {},
                "throughput": 0,
                "volume_id": "vol-03c586f8c67578794",
                "volume_size": 50,
                "volume_type": "gp2"
              }
            ],
            "secondary_private_ips": [],
            "security_groups": [],
            "source_dest_check": true,
            "subnet_id": "subnet-05d3099c2bb6e0be3",
            "tags": {
              "Name": "dev-API-svr",
              "environment": "dev",
              "owners": "terraform-ci"
            },
            "tags_all": {
              "Name": "dev-API-svr",
              "environment": "dev",
              "owners": "terraform-ci"
            },
            "tenancy": "default",
            "timeouts": {
              "create": null,
              "delete": null,
              "update": null
            },
            "user_data": "3d46561f2fc92421476a83b505e4b8ce00f56675",
            "user_data_base64": null,
            "volume_tags": {
              "Name": "dev-API-svr"
            },
            "vpc_security_group_ids": [
              "sg-07be2557b2deefeee",
              "sg-09f86f126e73c8b7b"
            ]
          },
          "sensitive_attributes": [],
          "private": "eyJlMmJmYjczMC1lY2FhLTExZTYtOGY4OC0zNDM2M2JjN2M0YzAiOnsiY3JlYXRlIjo2MDAwMDAwMDAwMDAsImRlbGV0ZSI6MTIwMDAwMDAwMDAwMCwidXBkYXRlIjo2MDAwMDAwMDAwMDB9LCJzY2hlbWFfdmVyc2lvbiI6IjEifQ==",
          "dependencies": [
            "aws_security_group.TEST-Management",
            "aws_security_group.TEST-secure-api-svr-sg",
            "data.aws_ami.amz_linux2",
            "module.dev-secure_vpc.aws_cloudwatch_log_group.flow_log",
            "module.dev-secure_vpc.aws_customer_gateway.this",
            "module.dev-secure_vpc.aws_db_subnet_group.database",
            "module.dev-secure_vpc.aws_default_network_acl.this",
            "module.dev-secure_vpc.aws_default_route_table.default",
            "module.dev-secure_vpc.aws_default_security_group.this",
            "module.dev-secure_vpc.aws_default_vpc.this",
            "module.dev-secure_vpc.aws_egress_only_internet_gateway.this",
            "module.dev-secure_vpc.aws_eip.nat",
            "module.dev-secure_vpc.aws_elasticache_subnet_group.elasticache",
            "module.dev-secure_vpc.aws_flow_log.this",
            "module.dev-secure_vpc.aws_iam_policy.vpc_flow_log_cloudwatch",
            "module.dev-secure_vpc.aws_iam_role.vpc_flow_log_cloudwatch",
            "module.dev-secure_vpc.aws_iam_role_policy_attachment.vpc_flow_log_cloudwatch",
            "module.dev-secure_vpc.aws_internet_gateway.this",
            "module.dev-secure_vpc.aws_nat_gateway.this",
            "module.dev-secure_vpc.aws_network_acl.database",
            "module.dev-secure_vpc.aws_network_acl.elasticache",
            "module.dev-secure_vpc.aws_network_acl.intra",
            "module.dev-secure_vpc.aws_network_acl.outpost",
            "module.dev-secure_vpc.aws_network_acl.private",
            "module.dev-secure_vpc.aws_network_acl.public",
            "module.dev-secure_vpc.aws_network_acl.redshift",
            "module.dev-secure_vpc.aws_network_acl_rule.database_inbound",
            "module.dev-secure_vpc.aws_network_acl_rule.database_outbound",
            "module.dev-secure_vpc.aws_network_acl_rule.elasticache_inbound",
            "module.dev-secure_vpc.aws_network_acl_rule.elasticache_outbound",
            "module.dev-secure_vpc.aws_network_acl_rule.intra_inbound",
            "module.dev-secure_vpc.aws_network_acl_rule.intra_outbound",
            "module.dev-secure_vpc.aws_network_acl_rule.outpost_inbound",
            "module.dev-secure_vpc.aws_network_acl_rule.outpost_outbound",
            "module.dev-secure_vpc.aws_network_acl_rule.private_inbound",
            "module.dev-secure_vpc.aws_network_acl_rule.private_outbound",
            "module.dev-secure_vpc.aws_network_acl_rule.public_inbound",
            "module.dev-secure_vpc.aws_network_acl_rule.public_outbound",
            "module.dev-secure_vpc.aws_network_acl_rule.redshift_inbound",
            "module.dev-secure_vpc.aws_network_acl_rule.redshift_outbound",
            "module.dev-secure_vpc.aws_redshift_subnet_group.redshift",
            "module.dev-secure_vpc.aws_route.database_internet_gateway",
            "module.dev-secure_vpc.aws_route.database_ipv6_egress",
            "module.dev-secure_vpc.aws_route.database_nat_gateway",
            "module.dev-secure_vpc.aws_route.private_ipv6_egress",
            "module.dev-secure_vpc.aws_route.private_nat_gateway",
            "module.dev-secure_vpc.aws_route.public_internet_gateway",
            "module.dev-secure_vpc.aws_route.public_internet_gateway_ipv6",
            "module.dev-secure_vpc.aws_route_table.database",
            "module.dev-secure_vpc.aws_route_table.elasticache",
            "module.dev-secure_vpc.aws_route_table.intra",
            "module.dev-secure_vpc.aws_route_table.private",
            "module.dev-secure_vpc.aws_route_table.public",
            "module.dev-secure_vpc.aws_route_table.redshift",
            "module.dev-secure_vpc.aws_route_table_association.database",
            "module.dev-secure_vpc.aws_route_table_association.elasticache",
            "module.dev-secure_vpc.aws_route_table_association.intra",
            "module.dev-secure_vpc.aws_route_table_association.outpost",
            "module.dev-secure_vpc.aws_route_table_association.private",
            "module.dev-secure_vpc.aws_route_table_association.public",
            "module.dev-secure_vpc.aws_route_table_association.redshift",
            "module.dev-secure_vpc.aws_route_table_association.redshift_public",
            "module.dev-secure_vpc.aws_subnet.database",
            "module.dev-secure_vpc.aws_subnet.elasticache",
            "module.dev-secure_vpc.aws_subnet.intra",
            "module.dev-secure_vpc.aws_subnet.outpost",
            "module.dev-secure_vpc.aws_subnet.private",
            "module.dev-secure_vpc.aws_subnet.public",
            "module.dev-secure_vpc.aws_subnet.redshift",
            "module.dev-secure_vpc.aws_vpc.this",
            "module.dev-secure_vpc.aws_vpc_dhcp_options.this",
            "module.dev-secure_vpc.aws_vpc_dhcp_options_association.this",
            "module.dev-secure_vpc.aws_vpc_ipv4_cidr_block_association.this",
            "module.dev-secure_vpc.aws_vpn_gateway.this",
            "module.dev-secure_vpc.aws_vpn_gateway_attachment.this",
            "module.dev-secure_vpc.aws_vpn_gateway_route_propagation.intra",
            "module.dev-secure_vpc.aws_vpn_gateway_route_propagation.private",
            "module.dev-secure_vpc.aws_vpn_gateway_route_propagation.public",
            "module.dev-secure_vpc.data.aws_iam_policy_document.flow_log_cloudwatch_assume_role",
            "module.dev-secure_vpc.data.aws_iam_policy_document.vpc_flow_log_cloudwatch"
          ],
          "create_before_destroy": true
        }
      ]
    },
    {
      "module": "module.ec2_instance_linux_bastion",
      "mode": "managed",
      "type": "aws_instance",
      "name": "this",
      "provider": "provider[\"registry.terraform.io/hashicorp/aws\"]",
      "instances": [
        {
          "index_key": 0,
          "schema_version": 1,
          "attributes": {
            "ami": "ami-06cdb04696938ec9d",
            "arn": "arn:aws:ec2:us-west-2:899922192574:instance/i-00d10c017c6902dae",
            "associate_public_ip_address": true,
            "availability_zone": "us-west-2a",
            "capacity_reservation_specification": [
              {
                "capacity_reservation_preference": "open",
                "capacity_reservation_target": []
              }
            ],
            "cpu_core_count": 1,
            "cpu_threads_per_core": 1,
            "credit_specification": [
              {
                "cpu_credits": "standard"
              }
            ],
            "disable_api_termination": false,
            "ebs_block_device": [],
            "ebs_optimized": false,
            "enclave_options": [
              {
                "enabled": false
              }
            ],
            "ephemeral_block_device": [],
            "get_password_data": false,
            "hibernation": false,
            "host_id": null,
            "iam_instance_profile": "",
            "id": "i-00d10c017c6902dae",
            "instance_initiated_shutdown_behavior": "stop",
            "instance_state": "running",
            "instance_type": "t2.micro",
            "ipv6_address_count": 0,
            "ipv6_addresses": [],
            "key_name": "tipton_staging_key",
            "launch_template": [],
            "metadata_options": [
              {
                "http_endpoint": "enabled",
                "http_put_response_hop_limit": 1,
                "http_tokens": "optional",
                "instance_metadata_tags": "disabled"
              }
            ],
            "monitoring": false,
            "network_interface": [],
            "outpost_arn": "",
            "password_data": "",
            "placement_group": "",
            "placement_partition_number": null,
            "primary_network_interface_id": "eni-0fce1fe33c089b9db",
            "private_dns": "ip-192-168-12-13.us-west-2.compute.internal",
            "private_ip": "192.168.12.13",
            "public_dns": "ec2-54-184-67-218.us-west-2.compute.amazonaws.com",
            "public_ip": "54.184.67.218",
            "root_block_device": [
              {
                "delete_on_termination": false,
                "device_name": "/dev/sda1",
                "encrypted": true,
                "iops": 150,
                "kms_key_id": "arn:aws:kms:us-west-2:899922192574:key/37db33b7-0a2b-44a4-96ff-212352fc1019",
                "tags": {},
                "throughput": 0,
                "volume_id": "vol-08af9fdc5988bd8ea",
                "volume_size": 50,
                "volume_type": "gp2"
              }
            ],
            "secondary_private_ips": [],
            "security_groups": [],
            "source_dest_check": true,
            "subnet_id": "subnet-0956881a7a03db7db",
            "tags": {
              "Name": "dev_bastion_host",
              "Patch Group": "Ubuntu_Servers",
              "host": "dev_bastion_host"
            },
            "tags_all": {
              "Name": "dev_bastion_host",
              "Patch Group": "Ubuntu_Servers",
              "host": "dev_bastion_host"
            },
            "tenancy": "default",
            "timeouts": {
              "create": null,
              "delete": null,
              "update": null
            },
            "user_data": null,
            "user_data_base64": null,
            "volume_tags": {
              "Name": "dev-Linux-BastionHost"
            },
            "vpc_security_group_ids": [
              "sg-005ce0efa767bd7a7"
            ]
          },
          "sensitive_attributes": [],
          "private": "eyJlMmJmYjczMC1lY2FhLTExZTYtOGY4OC0zNDM2M2JjN2M0YzAiOnsiY3JlYXRlIjo2MDAwMDAwMDAwMDAsImRlbGV0ZSI6MTIwMDAwMDAwMDAwMCwidXBkYXRlIjo2MDAwMDAwMDAwMDB9LCJzY2hlbWFfdmVyc2lvbiI6IjEifQ==",
          "dependencies": [
            "aws_security_group.TEST-General-sg",
            "data.aws_ami.ubuntu",
            "module.dev-general-vpc.aws_cloudwatch_log_group.flow_log",
            "module.dev-general-vpc.aws_customer_gateway.this",
            "module.dev-general-vpc.aws_db_subnet_group.database",
            "module.dev-general-vpc.aws_default_network_acl.this",
            "module.dev-general-vpc.aws_default_route_table.default",
            "module.dev-general-vpc.aws_default_security_group.this",
            "module.dev-general-vpc.aws_default_vpc.this",
            "module.dev-general-vpc.aws_egress_only_internet_gateway.this",
            "module.dev-general-vpc.aws_eip.nat",
            "module.dev-general-vpc.aws_elasticache_subnet_group.elasticache",
            "module.dev-general-vpc.aws_flow_log.this",
            "module.dev-general-vpc.aws_iam_policy.vpc_flow_log_cloudwatch",
            "module.dev-general-vpc.aws_iam_role.vpc_flow_log_cloudwatch",
            "module.dev-general-vpc.aws_iam_role_policy_attachment.vpc_flow_log_cloudwatch",
            "module.dev-general-vpc.aws_internet_gateway.this",
            "module.dev-general-vpc.aws_nat_gateway.this",
            "module.dev-general-vpc.aws_network_acl.database",
            "module.dev-general-vpc.aws_network_acl.elasticache",
            "module.dev-general-vpc.aws_network_acl.intra",
            "module.dev-general-vpc.aws_network_acl.outpost",
            "module.dev-general-vpc.aws_network_acl.private",
            "module.dev-general-vpc.aws_network_acl.public",
            "module.dev-general-vpc.aws_network_acl.redshift",
            "module.dev-general-vpc.aws_network_acl_rule.database_inbound",
            "module.dev-general-vpc.aws_network_acl_rule.database_outbound",
            "module.dev-general-vpc.aws_network_acl_rule.elasticache_inbound",
            "module.dev-general-vpc.aws_network_acl_rule.elasticache_outbound",
            "module.dev-general-vpc.aws_network_acl_rule.intra_inbound",
            "module.dev-general-vpc.aws_network_acl_rule.intra_outbound",
            "module.dev-general-vpc.aws_network_acl_rule.outpost_inbound",
            "module.dev-general-vpc.aws_network_acl_rule.outpost_outbound",
            "module.dev-general-vpc.aws_network_acl_rule.private_inbound",
            "module.dev-general-vpc.aws_network_acl_rule.private_outbound",
            "module.dev-general-vpc.aws_network_acl_rule.public_inbound",
            "module.dev-general-vpc.aws_network_acl_rule.public_outbound",
            "module.dev-general-vpc.aws_network_acl_rule.redshift_inbound",
            "module.dev-general-vpc.aws_network_acl_rule.redshift_outbound",
            "module.dev-general-vpc.aws_redshift_subnet_group.redshift",
            "module.dev-general-vpc.aws_route.database_internet_gateway",
            "module.dev-general-vpc.aws_route.database_ipv6_egress",
            "module.dev-general-vpc.aws_route.database_nat_gateway",
            "module.dev-general-vpc.aws_route.private_ipv6_egress",
            "module.dev-general-vpc.aws_route.private_nat_gateway",
            "module.dev-general-vpc.aws_route.public_internet_gateway",
            "module.dev-general-vpc.aws_route.public_internet_gateway_ipv6",
            "module.dev-general-vpc.aws_route_table.database",
            "module.dev-general-vpc.aws_route_table.elasticache",
            "module.dev-general-vpc.aws_route_table.intra",
            "module.dev-general-vpc.aws_route_table.private",
            "module.dev-general-vpc.aws_route_table.public",
            "module.dev-general-vpc.aws_route_table.redshift",
            "module.dev-general-vpc.aws_route_table_association.database",
            "module.dev-general-vpc.aws_route_table_association.elasticache",
            "module.dev-general-vpc.aws_route_table_association.intra",
            "module.dev-general-vpc.aws_route_table_association.outpost",
            "module.dev-general-vpc.aws_route_table_association.private",
            "module.dev-general-vpc.aws_route_table_association.public",
            "module.dev-general-vpc.aws_route_table_association.redshift",
            "module.dev-general-vpc.aws_route_table_association.redshift_public",
            "module.dev-general-vpc.aws_subnet.database",
            "module.dev-general-vpc.aws_subnet.elasticache",
            "module.dev-general-vpc.aws_subnet.intra",
            "module.dev-general-vpc.aws_subnet.outpost",
            "module.dev-general-vpc.aws_subnet.private",
            "module.dev-general-vpc.aws_subnet.public",
            "module.dev-general-vpc.aws_subnet.redshift",
            "module.dev-general-vpc.aws_vpc.this",
            "module.dev-general-vpc.aws_vpc_dhcp_options.this",
            "module.dev-general-vpc.aws_vpc_dhcp_options_association.this",
            "module.dev-general-vpc.aws_vpc_ipv4_cidr_block_association.this",
            "module.dev-general-vpc.aws_vpn_gateway.this",
            "module.dev-general-vpc.aws_vpn_gateway_attachment.this",
            "module.dev-general-vpc.aws_vpn_gateway_route_propagation.intra",
            "module.dev-general-vpc.aws_vpn_gateway_route_propagation.private",
            "module.dev-general-vpc.aws_vpn_gateway_route_propagation.public",
            "module.dev-general-vpc.data.aws_iam_policy_document.flow_log_cloudwatch_assume_role",
            "module.dev-general-vpc.data.aws_iam_policy_document.vpc_flow_log_cloudwatch"
          ]
        }
      ]
    },
    {
      "module": "module.ec2_instance_rpa-agt-svr",
      "mode": "managed",
      "type": "aws_instance",
      "name": "this",
      "provider": "provider[\"registry.terraform.io/hashicorp/aws\"]",
      "instances": [
        {
          "index_key": 0,
          "schema_version": 1,
          "attributes": {
            "ami": "ami-01977bc15980f9223",
            "arn": "arn:aws:ec2:us-west-2:899922192574:instance/i-0e2d5b41cb38f7a92",
            "associate_public_ip_address": false,
            "availability_zone": "us-west-2c",
            "capacity_reservation_specification": [
              {
                "capacity_reservation_preference": "open",
                "capacity_reservation_target": []
              }
            ],
            "cpu_core_count": 1,
            "cpu_threads_per_core": 1,
            "credit_specification": [
              {
                "cpu_credits": "standard"
              }
            ],
            "disable_api_termination": false,
            "ebs_block_device": [],
            "ebs_optimized": false,
            "enclave_options": [
              {
                "enabled": false
              }
            ],
            "ephemeral_block_device": [],
            "get_password_data": false,
            "hibernation": false,
            "host_id": null,
            "iam_instance_profile": "",
            "id": "i-0e2d5b41cb38f7a92",
            "instance_initiated_shutdown_behavior": "stop",
            "instance_state": "running",
            "instance_type": "t2.micro",
            "ipv6_address_count": 0,
            "ipv6_addresses": [],
            "key_name": "tipton_staging_key",
            "launch_template": [],
            "metadata_options": [
              {
                "http_endpoint": "enabled",
                "http_put_response_hop_limit": 1,
                "http_tokens": "optional",
                "instance_metadata_tags": "disabled"
              }
            ],
            "monitoring": false,
            "network_interface": [],
            "outpost_arn": "",
            "password_data": "",
            "placement_group": "",
            "placement_partition_number": null,
            "primary_network_interface_id": "eni-0993da41c75ab029f",
            "private_dns": "ip-192-168-3-222.us-west-2.compute.internal",
            "private_ip": "192.168.3.222",
            "public_dns": "",
            "public_ip": "",
            "root_block_device": [
              {
                "delete_on_termination": false,
                "device_name": "/dev/sda1",
                "encrypted": true,
                "iops": 300,
                "kms_key_id": "arn:aws:kms:us-west-2:899922192574:key/37db33b7-0a2b-44a4-96ff-212352fc1019",
                "tags": {},
                "throughput": 0,
                "volume_id": "vol-075ae5c73d7dd6908",
                "volume_size": 100,
                "volume_type": "gp2"
              }
            ],
            "secondary_private_ips": [],
            "security_groups": [],
            "source_dest_check": true,
            "subnet_id": "subnet-07dd105ca2f923d96",
            "tags": {
              "Host": "dev_RPAAGT",
              "Name": "dev_RPAAGT",
              "Patch Group": "Windows_Servers",
              "UpdateGroup": "CriticalPatches"
            },
            "tags_all": {
              "Host": "dev_RPAAGT",
              "Name": "dev_RPAAGT",
              "Patch Group": "Windows_Servers",
              "UpdateGroup": "CriticalPatches"
            },
            "tenancy": "default",
            "timeouts": {
              "create": null,
              "delete": null,
              "update": null
            },
            "user_data": "3d46561f2fc92421476a83b505e4b8ce00f56675",
            "user_data_base64": null,
            "volume_tags": {
              "Name": "dev-RPA-AGT-svr"
            },
            "vpc_security_group_ids": [
              "sg-0dcc7f8a245ee8147"
            ]
          },
          "sensitive_attributes": [],
          "private": "eyJlMmJmYjczMC1lY2FhLTExZTYtOGY4OC0zNDM2M2JjN2M0YzAiOnsiY3JlYXRlIjo2MDAwMDAwMDAwMDAsImRlbGV0ZSI6MTIwMDAwMDAwMDAwMCwidXBkYXRlIjo2MDAwMDAwMDAwMDB9LCJzY2hlbWFfdmVyc2lvbiI6IjEifQ==",
          "dependencies": [
            "aws_security_group.TEST-General-sg",
            "aws_security_group.TEST-rpaagt1-sg",
            "aws_security_group.TEST-rpasvr-sg",
            "data.aws_ami.amz_windows",
            "module.dev-general-vpc.aws_vpc.this",
            "module.dev-secure_vpc.aws_cloudwatch_log_group.flow_log",
            "module.dev-secure_vpc.aws_customer_gateway.this",
            "module.dev-secure_vpc.aws_db_subnet_group.database",
            "module.dev-secure_vpc.aws_default_network_acl.this",
            "module.dev-secure_vpc.aws_default_route_table.default",
            "module.dev-secure_vpc.aws_default_security_group.this",
            "module.dev-secure_vpc.aws_default_vpc.this",
            "module.dev-secure_vpc.aws_egress_only_internet_gateway.this",
            "module.dev-secure_vpc.aws_eip.nat",
            "module.dev-secure_vpc.aws_elasticache_subnet_group.elasticache",
            "module.dev-secure_vpc.aws_flow_log.this",
            "module.dev-secure_vpc.aws_iam_policy.vpc_flow_log_cloudwatch",
            "module.dev-secure_vpc.aws_iam_role.vpc_flow_log_cloudwatch",
            "module.dev-secure_vpc.aws_iam_role_policy_attachment.vpc_flow_log_cloudwatch",
            "module.dev-secure_vpc.aws_internet_gateway.this",
            "module.dev-secure_vpc.aws_nat_gateway.this",
            "module.dev-secure_vpc.aws_network_acl.database",
            "module.dev-secure_vpc.aws_network_acl.elasticache",
            "module.dev-secure_vpc.aws_network_acl.intra",
            "module.dev-secure_vpc.aws_network_acl.outpost",
            "module.dev-secure_vpc.aws_network_acl.private",
            "module.dev-secure_vpc.aws_network_acl.public",
            "module.dev-secure_vpc.aws_network_acl.redshift",
            "module.dev-secure_vpc.aws_network_acl_rule.database_inbound",
            "module.dev-secure_vpc.aws_network_acl_rule.database_outbound",
            "module.dev-secure_vpc.aws_network_acl_rule.elasticache_inbound",
            "module.dev-secure_vpc.aws_network_acl_rule.elasticache_outbound",
            "module.dev-secure_vpc.aws_network_acl_rule.intra_inbound",
            "module.dev-secure_vpc.aws_network_acl_rule.intra_outbound",
            "module.dev-secure_vpc.aws_network_acl_rule.outpost_inbound",
            "module.dev-secure_vpc.aws_network_acl_rule.outpost_outbound",
            "module.dev-secure_vpc.aws_network_acl_rule.private_inbound",
            "module.dev-secure_vpc.aws_network_acl_rule.private_outbound",
            "module.dev-secure_vpc.aws_network_acl_rule.public_inbound",
            "module.dev-secure_vpc.aws_network_acl_rule.public_outbound",
            "module.dev-secure_vpc.aws_network_acl_rule.redshift_inbound",
            "module.dev-secure_vpc.aws_network_acl_rule.redshift_outbound",
            "module.dev-secure_vpc.aws_redshift_subnet_group.redshift",
            "module.dev-secure_vpc.aws_route.database_internet_gateway",
            "module.dev-secure_vpc.aws_route.database_ipv6_egress",
            "module.dev-secure_vpc.aws_route.database_nat_gateway",
            "module.dev-secure_vpc.aws_route.private_ipv6_egress",
            "module.dev-secure_vpc.aws_route.private_nat_gateway",
            "module.dev-secure_vpc.aws_route.public_internet_gateway",
            "module.dev-secure_vpc.aws_route.public_internet_gateway_ipv6",
            "module.dev-secure_vpc.aws_route_table.database",
            "module.dev-secure_vpc.aws_route_table.elasticache",
            "module.dev-secure_vpc.aws_route_table.intra",
            "module.dev-secure_vpc.aws_route_table.private",
            "module.dev-secure_vpc.aws_route_table.public",
            "module.dev-secure_vpc.aws_route_table.redshift",
            "module.dev-secure_vpc.aws_route_table_association.database",
            "module.dev-secure_vpc.aws_route_table_association.elasticache",
            "module.dev-secure_vpc.aws_route_table_association.intra",
            "module.dev-secure_vpc.aws_route_table_association.outpost",
            "module.dev-secure_vpc.aws_route_table_association.private",
            "module.dev-secure_vpc.aws_route_table_association.public",
            "module.dev-secure_vpc.aws_route_table_association.redshift",
            "module.dev-secure_vpc.aws_route_table_association.redshift_public",
            "module.dev-secure_vpc.aws_subnet.database",
            "module.dev-secure_vpc.aws_subnet.elasticache",
            "module.dev-secure_vpc.aws_subnet.intra",
            "module.dev-secure_vpc.aws_subnet.outpost",
            "module.dev-secure_vpc.aws_subnet.private",
            "module.dev-secure_vpc.aws_subnet.public",
            "module.dev-secure_vpc.aws_subnet.redshift",
            "module.dev-secure_vpc.aws_vpc.this",
            "module.dev-secure_vpc.aws_vpc_dhcp_options.this",
            "module.dev-secure_vpc.aws_vpc_dhcp_options_association.this",
            "module.dev-secure_vpc.aws_vpc_ipv4_cidr_block_association.this",
            "module.dev-secure_vpc.aws_vpn_gateway.this",
            "module.dev-secure_vpc.aws_vpn_gateway_attachment.this",
            "module.dev-secure_vpc.aws_vpn_gateway_route_propagation.intra",
            "module.dev-secure_vpc.aws_vpn_gateway_route_propagation.private",
            "module.dev-secure_vpc.aws_vpn_gateway_route_propagation.public",
            "module.dev-secure_vpc.data.aws_iam_policy_document.flow_log_cloudwatch_assume_role",
            "module.dev-secure_vpc.data.aws_iam_policy_document.vpc_flow_log_cloudwatch"
          ]
        }
      ]
    },
    {
      "module": "module.ec2_instance_rpa-svr-svr",
      "mode": "managed",
      "type": "aws_instance",
      "name": "this",
      "provider": "provider[\"registry.terraform.io/hashicorp/aws\"]",
      "instances": [
        {
          "index_key": 0,
          "schema_version": 1,
          "attributes": {
            "ami": "ami-00656d51d312f0dee",
            "arn": "arn:aws:ec2:us-west-2:899922192574:instance/i-00567185407d0e53a",
            "associate_public_ip_address": false,
            "availability_zone": "us-west-2c",
            "capacity_reservation_specification": [
              {
                "capacity_reservation_preference": "open",
                "capacity_reservation_target": []
              }
            ],
            "cpu_core_count": 1,
            "cpu_threads_per_core": 1,
            "credit_specification": [
              {
                "cpu_credits": "standard"
              }
            ],
            "disable_api_termination": false,
            "ebs_block_device": [],
            "ebs_optimized": false,
            "enclave_options": [
              {
                "enabled": false
              }
            ],
            "ephemeral_block_device": [],
            "get_password_data": false,
            "hibernation": false,
            "host_id": null,
            "iam_instance_profile": "",
            "id": "i-00567185407d0e53a",
            "instance_initiated_shutdown_behavior": "stop",
            "instance_state": "running",
            "instance_type": "t2.micro",
            "ipv6_address_count": 0,
            "ipv6_addresses": [],
            "key_name": "tipton_staging_key",
            "launch_template": [],
            "metadata_options": [
              {
                "http_endpoint": "enabled",
                "http_put_response_hop_limit": 1,
                "http_tokens": "optional",
                "instance_metadata_tags": "disabled"
              }
            ],
            "monitoring": false,
            "network_interface": [],
            "outpost_arn": "",
            "password_data": "",
            "placement_group": "",
            "placement_partition_number": null,
            "primary_network_interface_id": "eni-075e3cbbf19d16aaa",
            "private_dns": "ip-192-168-3-203.us-west-2.compute.internal",
            "private_ip": "192.168.3.203",
            "public_dns": "",
            "public_ip": "",
            "root_block_device": [
              {
                "delete_on_termination": false,
                "device_name": "/dev/xvda",
                "encrypted": true,
                "iops": 300,
                "kms_key_id": "arn:aws:kms:us-west-2:899922192574:key/37db33b7-0a2b-44a4-96ff-212352fc1019",
                "tags": {},
                "throughput": 0,
                "volume_id": "vol-071aa5731f7101d49",
                "volume_size": 100,
                "volume_type": "gp2"
              }
            ],
            "secondary_private_ips": [],
            "security_groups": [],
            "source_dest_check": true,
            "subnet_id": "subnet-07dd105ca2f923d96",
            "tags": {
              "Name": "dev_RPASVR",
              "Patch Group": "Ubuntu_Servers",
              "host": "dev_RPASVR"
            },
            "tags_all": {
              "Name": "dev_RPASVR",
              "Patch Group": "Ubuntu_Servers",
              "host": "dev_RPASVR"
            },
            "tenancy": "default",
            "timeouts": {
              "create": null,
              "delete": null,
              "update": null
            },
            "user_data": "3d46561f2fc92421476a83b505e4b8ce00f56675",
            "user_data_base64": null,
            "volume_tags": {
              "Name": "dev-RPA-svr"
            },
            "vpc_security_group_ids": [
              "sg-0e65c0ff98e86a6b1"
            ]
          },
          "sensitive_attributes": [],
          "private": "eyJlMmJmYjczMC1lY2FhLTExZTYtOGY4OC0zNDM2M2JjN2M0YzAiOnsiY3JlYXRlIjo2MDAwMDAwMDAwMDAsImRlbGV0ZSI6MTIwMDAwMDAwMDAwMCwidXBkYXRlIjo2MDAwMDAwMDAwMDB9LCJzY2hlbWFfdmVyc2lvbiI6IjEifQ==",
          "dependencies": [
            "aws_security_group.TEST-rpasvr-sg",
            "data.aws_ami.amz_linux2",
            "module.dev-secure_vpc.aws_cloudwatch_log_group.flow_log",
            "module.dev-secure_vpc.aws_customer_gateway.this",
            "module.dev-secure_vpc.aws_db_subnet_group.database",
            "module.dev-secure_vpc.aws_default_network_acl.this",
            "module.dev-secure_vpc.aws_default_route_table.default",
            "module.dev-secure_vpc.aws_default_security_group.this",
            "module.dev-secure_vpc.aws_default_vpc.this",
            "module.dev-secure_vpc.aws_egress_only_internet_gateway.this",
            "module.dev-secure_vpc.aws_eip.nat",
            "module.dev-secure_vpc.aws_elasticache_subnet_group.elasticache",
            "module.dev-secure_vpc.aws_flow_log.this",
            "module.dev-secure_vpc.aws_iam_policy.vpc_flow_log_cloudwatch",
            "module.dev-secure_vpc.aws_iam_role.vpc_flow_log_cloudwatch",
            "module.dev-secure_vpc.aws_iam_role_policy_attachment.vpc_flow_log_cloudwatch",
            "module.dev-secure_vpc.aws_internet_gateway.this",
            "module.dev-secure_vpc.aws_nat_gateway.this",
            "module.dev-secure_vpc.aws_network_acl.database",
            "module.dev-secure_vpc.aws_network_acl.elasticache",
            "module.dev-secure_vpc.aws_network_acl.intra",
            "module.dev-secure_vpc.aws_network_acl.outpost",
            "module.dev-secure_vpc.aws_network_acl.private",
            "module.dev-secure_vpc.aws_network_acl.public",
            "module.dev-secure_vpc.aws_network_acl.redshift",
            "module.dev-secure_vpc.aws_network_acl_rule.database_inbound",
            "module.dev-secure_vpc.aws_network_acl_rule.database_outbound",
            "module.dev-secure_vpc.aws_network_acl_rule.elasticache_inbound",
            "module.dev-secure_vpc.aws_network_acl_rule.elasticache_outbound",
            "module.dev-secure_vpc.aws_network_acl_rule.intra_inbound",
            "module.dev-secure_vpc.aws_network_acl_rule.intra_outbound",
            "module.dev-secure_vpc.aws_network_acl_rule.outpost_inbound",
            "module.dev-secure_vpc.aws_network_acl_rule.outpost_outbound",
            "module.dev-secure_vpc.aws_network_acl_rule.private_inbound",
            "module.dev-secure_vpc.aws_network_acl_rule.private_outbound",
            "module.dev-secure_vpc.aws_network_acl_rule.public_inbound",
            "module.dev-secure_vpc.aws_network_acl_rule.public_outbound",
            "module.dev-secure_vpc.aws_network_acl_rule.redshift_inbound",
            "module.dev-secure_vpc.aws_network_acl_rule.redshift_outbound",
            "module.dev-secure_vpc.aws_redshift_subnet_group.redshift",
            "module.dev-secure_vpc.aws_route.database_internet_gateway",
            "module.dev-secure_vpc.aws_route.database_ipv6_egress",
            "module.dev-secure_vpc.aws_route.database_nat_gateway",
            "module.dev-secure_vpc.aws_route.private_ipv6_egress",
            "module.dev-secure_vpc.aws_route.private_nat_gateway",
            "module.dev-secure_vpc.aws_route.public_internet_gateway",
            "module.dev-secure_vpc.aws_route.public_internet_gateway_ipv6",
            "module.dev-secure_vpc.aws_route_table.database",
            "module.dev-secure_vpc.aws_route_table.elasticache",
            "module.dev-secure_vpc.aws_route_table.intra",
            "module.dev-secure_vpc.aws_route_table.private",
            "module.dev-secure_vpc.aws_route_table.public",
            "module.dev-secure_vpc.aws_route_table.redshift",
            "module.dev-secure_vpc.aws_route_table_association.database",
            "module.dev-secure_vpc.aws_route_table_association.elasticache",
            "module.dev-secure_vpc.aws_route_table_association.intra",
            "module.dev-secure_vpc.aws_route_table_association.outpost",
            "module.dev-secure_vpc.aws_route_table_association.private",
            "module.dev-secure_vpc.aws_route_table_association.public",
            "module.dev-secure_vpc.aws_route_table_association.redshift",
            "module.dev-secure_vpc.aws_route_table_association.redshift_public",
            "module.dev-secure_vpc.aws_subnet.database",
            "module.dev-secure_vpc.aws_subnet.elasticache",
            "module.dev-secure_vpc.aws_subnet.intra",
            "module.dev-secure_vpc.aws_subnet.outpost",
            "module.dev-secure_vpc.aws_subnet.private",
            "module.dev-secure_vpc.aws_subnet.public",
            "module.dev-secure_vpc.aws_subnet.redshift",
            "module.dev-secure_vpc.aws_vpc.this",
            "module.dev-secure_vpc.aws_vpc_dhcp_options.this",
            "module.dev-secure_vpc.aws_vpc_dhcp_options_association.this",
            "module.dev-secure_vpc.aws_vpc_ipv4_cidr_block_association.this",
            "module.dev-secure_vpc.aws_vpn_gateway.this",
            "module.dev-secure_vpc.aws_vpn_gateway_attachment.this",
            "module.dev-secure_vpc.aws_vpn_gateway_route_propagation.intra",
            "module.dev-secure_vpc.aws_vpn_gateway_route_propagation.private",
            "module.dev-secure_vpc.aws_vpn_gateway_route_propagation.public",
            "module.dev-secure_vpc.data.aws_iam_policy_document.flow_log_cloudwatch_assume_role",
            "module.dev-secure_vpc.data.aws_iam_policy_document.vpc_flow_log_cloudwatch"
          ]
        }
      ]
    },
    {
      "module": "module.ec2_instance_windows_bastion",
      "mode": "managed",
      "type": "aws_instance",
      "name": "this",
      "provider": "provider[\"registry.terraform.io/hashicorp/aws\"]",
      "instances": [
        {
          "index_key": 0,
          "schema_version": 1,
          "attributes": {
            "ami": "ami-0d6bcfa0178e7ee23",
            "arn": "arn:aws:ec2:us-west-2:899922192574:instance/i-04c8d690a2d615524",
            "associate_public_ip_address": true,
            "availability_zone": "us-west-2a",
            "capacity_reservation_specification": [
              {
                "capacity_reservation_preference": "open",
                "capacity_reservation_target": []
              }
            ],
            "cpu_core_count": 1,
            "cpu_threads_per_core": 1,
            "credit_specification": [
              {
                "cpu_credits": "standard"
              }
            ],
            "disable_api_termination": false,
            "ebs_block_device": [],
            "ebs_optimized": false,
            "enclave_options": [
              {
                "enabled": false
              }
            ],
            "ephemeral_block_device": [],
            "get_password_data": false,
            "hibernation": false,
            "host_id": null,
            "iam_instance_profile": "",
            "id": "i-04c8d690a2d615524",
            "instance_initiated_shutdown_behavior": "stop",
            "instance_state": "running",
            "instance_type": "t2.micro",
            "ipv6_address_count": 0,
            "ipv6_addresses": [],
            "key_name": "tipton_staging_key",
            "launch_template": [],
            "metadata_options": [
              {
                "http_endpoint": "enabled",
                "http_put_response_hop_limit": 1,
                "http_tokens": "optional",
                "instance_metadata_tags": "disabled"
              }
            ],
            "monitoring": false,
            "network_interface": [],
            "outpost_arn": "",
            "password_data": "",
            "placement_group": "",
            "placement_partition_number": null,
            "primary_network_interface_id": "eni-01fe7df4a0315329c",
            "private_dns": "ip-192-168-12-21.us-west-2.compute.internal",
            "private_ip": "192.168.12.21",
            "public_dns": "ec2-54-191-14-94.us-west-2.compute.amazonaws.com",
            "public_ip": "54.191.14.94",
            "root_block_device": [
              {
                "delete_on_termination": false,
                "device_name": "/dev/sda1",
                "encrypted": true,
                "iops": 150,
                "kms_key_id": "arn:aws:kms:us-west-2:899922192574:key/37db33b7-0a2b-44a4-96ff-212352fc1019",
                "tags": {},
                "throughput": 0,
                "volume_id": "vol-0a4f569386df9e19d",
                "volume_size": 50,
                "volume_type": "gp2"
              }
            ],
            "secondary_private_ips": [],
            "security_groups": [],
            "source_dest_check": true,
            "subnet_id": "subnet-0956881a7a03db7db",
            "tags": {
              "Host": "dev_Bastion_Windows",
              "Name": "dev_Bastion_Windows",
              "Patch Group": "Windows_Servers"
            },
            "tags_all": {
              "Host": "dev_Bastion_Windows",
              "Name": "dev_Bastion_Windows",
              "Patch Group": "Windows_Servers"
            },
            "tenancy": "default",
            "timeouts": {
              "create": null,
              "delete": null,
              "update": null
            },
            "user_data": null,
            "user_data_base64": null,
            "volume_tags": {
              "Name": "dev-Windows-BastionHost"
            },
            "vpc_security_group_ids": [
              "sg-005ce0efa767bd7a7"
            ]
          },
          "sensitive_attributes": [],
          "private": "eyJlMmJmYjczMC1lY2FhLTExZTYtOGY4OC0zNDM2M2JjN2M0YzAiOnsiY3JlYXRlIjo2MDAwMDAwMDAwMDAsImRlbGV0ZSI6MTIwMDAwMDAwMDAwMCwidXBkYXRlIjo2MDAwMDAwMDAwMDB9LCJzY2hlbWFfdmVyc2lvbiI6IjEifQ==",
          "dependencies": [
            "aws_security_group.TEST-General-sg",
            "data.aws_ami.windows",
            "module.dev-general-vpc.aws_cloudwatch_log_group.flow_log",
            "module.dev-general-vpc.aws_customer_gateway.this",
            "module.dev-general-vpc.aws_db_subnet_group.database",
            "module.dev-general-vpc.aws_default_network_acl.this",
            "module.dev-general-vpc.aws_default_route_table.default",
            "module.dev-general-vpc.aws_default_security_group.this",
            "module.dev-general-vpc.aws_default_vpc.this",
            "module.dev-general-vpc.aws_egress_only_internet_gateway.this",
            "module.dev-general-vpc.aws_eip.nat",
            "module.dev-general-vpc.aws_elasticache_subnet_group.elasticache",
            "module.dev-general-vpc.aws_flow_log.this",
            "module.dev-general-vpc.aws_iam_policy.vpc_flow_log_cloudwatch",
            "module.dev-general-vpc.aws_iam_role.vpc_flow_log_cloudwatch",
            "module.dev-general-vpc.aws_iam_role_policy_attachment.vpc_flow_log_cloudwatch",
            "module.dev-general-vpc.aws_internet_gateway.this",
            "module.dev-general-vpc.aws_nat_gateway.this",
            "module.dev-general-vpc.aws_network_acl.database",
            "module.dev-general-vpc.aws_network_acl.elasticache",
            "module.dev-general-vpc.aws_network_acl.intra",
            "module.dev-general-vpc.aws_network_acl.outpost",
            "module.dev-general-vpc.aws_network_acl.private",
            "module.dev-general-vpc.aws_network_acl.public",
            "module.dev-general-vpc.aws_network_acl.redshift",
            "module.dev-general-vpc.aws_network_acl_rule.database_inbound",
            "module.dev-general-vpc.aws_network_acl_rule.database_outbound",
            "module.dev-general-vpc.aws_network_acl_rule.elasticache_inbound",
            "module.dev-general-vpc.aws_network_acl_rule.elasticache_outbound",
            "module.dev-general-vpc.aws_network_acl_rule.intra_inbound",
            "module.dev-general-vpc.aws_network_acl_rule.intra_outbound",
            "module.dev-general-vpc.aws_network_acl_rule.outpost_inbound",
            "module.dev-general-vpc.aws_network_acl_rule.outpost_outbound",
            "module.dev-general-vpc.aws_network_acl_rule.private_inbound",
            "module.dev-general-vpc.aws_network_acl_rule.private_outbound",
            "module.dev-general-vpc.aws_network_acl_rule.public_inbound",
            "module.dev-general-vpc.aws_network_acl_rule.public_outbound",
            "module.dev-general-vpc.aws_network_acl_rule.redshift_inbound",
            "module.dev-general-vpc.aws_network_acl_rule.redshift_outbound",
            "module.dev-general-vpc.aws_redshift_subnet_group.redshift",
            "module.dev-general-vpc.aws_route.database_internet_gateway",
            "module.dev-general-vpc.aws_route.database_ipv6_egress",
            "module.dev-general-vpc.aws_route.database_nat_gateway",
            "module.dev-general-vpc.aws_route.private_ipv6_egress",
            "module.dev-general-vpc.aws_route.private_nat_gateway",
            "module.dev-general-vpc.aws_route.public_internet_gateway",
            "module.dev-general-vpc.aws_route.public_internet_gateway_ipv6",
            "module.dev-general-vpc.aws_route_table.database",
            "module.dev-general-vpc.aws_route_table.elasticache",
            "module.dev-general-vpc.aws_route_table.intra",
            "module.dev-general-vpc.aws_route_table.private",
            "module.dev-general-vpc.aws_route_table.public",
            "module.dev-general-vpc.aws_route_table.redshift",
            "module.dev-general-vpc.aws_route_table_association.database",
            "module.dev-general-vpc.aws_route_table_association.elasticache",
            "module.dev-general-vpc.aws_route_table_association.intra",
            "module.dev-general-vpc.aws_route_table_association.outpost",
            "module.dev-general-vpc.aws_route_table_association.private",
            "module.dev-general-vpc.aws_route_table_association.public",
            "module.dev-general-vpc.aws_route_table_association.redshift",
            "module.dev-general-vpc.aws_route_table_association.redshift_public",
            "module.dev-general-vpc.aws_subnet.database",
            "module.dev-general-vpc.aws_subnet.elasticache",
            "module.dev-general-vpc.aws_subnet.intra",
            "module.dev-general-vpc.aws_subnet.outpost",
            "module.dev-general-vpc.aws_subnet.private",
            "module.dev-general-vpc.aws_subnet.public",
            "module.dev-general-vpc.aws_subnet.redshift",
            "module.dev-general-vpc.aws_vpc.this",
            "module.dev-general-vpc.aws_vpc_dhcp_options.this",
            "module.dev-general-vpc.aws_vpc_dhcp_options_association.this",
            "module.dev-general-vpc.aws_vpc_ipv4_cidr_block_association.this",
            "module.dev-general-vpc.aws_vpn_gateway.this",
            "module.dev-general-vpc.aws_vpn_gateway_attachment.this",
            "module.dev-general-vpc.aws_vpn_gateway_route_propagation.intra",
            "module.dev-general-vpc.aws_vpn_gateway_route_propagation.private",
            "module.dev-general-vpc.aws_vpn_gateway_route_propagation.public",
            "module.dev-general-vpc.data.aws_iam_policy_document.flow_log_cloudwatch_assume_role",
            "module.dev-general-vpc.data.aws_iam_policy_document.vpc_flow_log_cloudwatch"
          ]
        }
      ]
    }
  ]
}
